// !$*UTF8*$!
{
	archiveVersion = 1;
	classes = {
	};
	objectVersion = 46;
	objects = {

/* Begin PBXBuildFile section */
		2810EAB9C753D6417C050D86 /* Pods_Kaligrid_beta.framework in Frameworks */ = {isa = PBXBuildFile; fileRef = 9EC5EBDDBB4380249870EA3A /* Pods_Kaligrid_beta.framework */; };
		7A06A0081C852F2000318ED0 /* StoreKit.framework in Frameworks */ = {isa = PBXBuildFile; fileRef = 7A06A0071C852F2000318ED0 /* StoreKit.framework */; };
		7A06A00A1C852F3300318ED0 /* AddressBook.framework in Frameworks */ = {isa = PBXBuildFile; fileRef = 7A06A0091C852F3300318ED0 /* AddressBook.framework */; };
		7A06A00C1C852F3F00318ED0 /* SystemConfiguration.framework in Frameworks */ = {isa = PBXBuildFile; fileRef = 7A06A00B1C852F3F00318ED0 /* SystemConfiguration.framework */; };
		7A19CE571CC2CB9F00E3B1E0 /* SafariServices.framework in Frameworks */ = {isa = PBXBuildFile; fileRef = 7A19CE561CC2CB9F00E3B1E0 /* SafariServices.framework */; };
		7A19CE581CC2DCE200E3B1E0 /* AWSCognito.framework in Frameworks */ = {isa = PBXBuildFile; fileRef = 7AEE52D91CC2C30300348C4D /* AWSCognito.framework */; };
		7A19CE591CC2DCE200E3B1E0 /* AWSCognito.framework in Embed Frameworks */ = {isa = PBXBuildFile; fileRef = 7AEE52D91CC2C30300348C4D /* AWSCognito.framework */; settings = {ATTRIBUTES = (CodeSignOnCopy, RemoveHeadersOnCopy, ); }; };
		7A19CE5B1CC2DCE900E3B1E0 /* AWSDynamoDB.framework in Frameworks */ = {isa = PBXBuildFile; fileRef = 7AEE52DA1CC2C30300348C4D /* AWSDynamoDB.framework */; };
		7A19CE5D1CC2DCEF00E3B1E0 /* AWSMobileAnalytics.framework in Frameworks */ = {isa = PBXBuildFile; fileRef = 7AEE52D41CC2C2E900348C4D /* AWSMobileAnalytics.framework */; };
		7A19CE5E1CC2DCEF00E3B1E0 /* AWSMobileAnalytics.framework in Embed Frameworks */ = {isa = PBXBuildFile; fileRef = 7AEE52D41CC2C2E900348C4D /* AWSMobileAnalytics.framework */; settings = {ATTRIBUTES = (CodeSignOnCopy, RemoveHeadersOnCopy, ); }; };
		7A19CE5F1CC2DCFA00E3B1E0 /* AWSS3.framework in Frameworks */ = {isa = PBXBuildFile; fileRef = 7AEE52D51CC2C2E900348C4D /* AWSS3.framework */; };
		7A19CE601CC2DCFA00E3B1E0 /* AWSS3.framework in Embed Frameworks */ = {isa = PBXBuildFile; fileRef = 7AEE52D51CC2C2E900348C4D /* AWSS3.framework */; settings = {ATTRIBUTES = (CodeSignOnCopy, RemoveHeadersOnCopy, ); }; };
		7A19CE611CC2DD0300E3B1E0 /* AWSCore.framework in Frameworks */ = {isa = PBXBuildFile; fileRef = 7AEE52D31CC2C2E900348C4D /* AWSCore.framework */; };
		7A19CE621CC2DD0300E3B1E0 /* AWSCore.framework in Embed Frameworks */ = {isa = PBXBuildFile; fileRef = 7AEE52D31CC2C2E900348C4D /* AWSCore.framework */; settings = {ATTRIBUTES = (CodeSignOnCopy, RemoveHeadersOnCopy, ); }; };
		7A19CE661CC2DD3500E3B1E0 /* FBSDKCoreKit.framework in Frameworks */ = {isa = PBXBuildFile; fileRef = 7A19CE631CC2DD3500E3B1E0 /* FBSDKCoreKit.framework */; };
		7A19CE671CC2DD3500E3B1E0 /* FBSDKLoginKit.framework in Frameworks */ = {isa = PBXBuildFile; fileRef = 7A19CE641CC2DD3500E3B1E0 /* FBSDKLoginKit.framework */; };
		7A19CE681CC2DD3500E3B1E0 /* FBSDKShareKit.framework in Frameworks */ = {isa = PBXBuildFile; fileRef = 7A19CE651CC2DD3500E3B1E0 /* FBSDKShareKit.framework */; };
		7A19CE6A1CC2DD5900E3B1E0 /* GoogleSignIn.framework in Frameworks */ = {isa = PBXBuildFile; fileRef = 7A19CE691CC2DD5900E3B1E0 /* GoogleSignIn.framework */; };
		7A2C0ECB1CA8D4870099E85B /* icon_bottom_friends_selected.png in Resources */ = {isa = PBXBuildFile; fileRef = 7A2C0EC01CA8D4870099E85B /* icon_bottom_friends_selected.png */; };
		7A2C0ECC1CA8D4870099E85B /* icon_bottom_friends.png in Resources */ = {isa = PBXBuildFile; fileRef = 7A2C0EC11CA8D4870099E85B /* icon_bottom_friends.png */; };
		7A2C0ECD1CA8D4870099E85B /* icon_bottom_grid_selected.png in Resources */ = {isa = PBXBuildFile; fileRef = 7A2C0EC21CA8D4870099E85B /* icon_bottom_grid_selected.png */; };
		7A2C0ECE1CA8D4870099E85B /* icon_bottom_grid.png in Resources */ = {isa = PBXBuildFile; fileRef = 7A2C0EC31CA8D4870099E85B /* icon_bottom_grid.png */; };
		7A2C0ECF1CA8D4870099E85B /* icon_bottom_kali_selected.png in Resources */ = {isa = PBXBuildFile; fileRef = 7A2C0EC41CA8D4870099E85B /* icon_bottom_kali_selected.png */; };
		7A2C0ED01CA8D4870099E85B /* icon_bottom_kali.png in Resources */ = {isa = PBXBuildFile; fileRef = 7A2C0EC51CA8D4870099E85B /* icon_bottom_kali.png */; };
		7A2C0ED11CA8D4870099E85B /* icon_bottom_list_selected.png in Resources */ = {isa = PBXBuildFile; fileRef = 7A2C0EC61CA8D4870099E85B /* icon_bottom_list_selected.png */; };
		7A2C0ED21CA8D4870099E85B /* icon_bottom_list.png in Resources */ = {isa = PBXBuildFile; fileRef = 7A2C0EC71CA8D4870099E85B /* icon_bottom_list.png */; };
		7A2C0ED31CA8D4870099E85B /* icon_bottom_me_selected.png in Resources */ = {isa = PBXBuildFile; fileRef = 7A2C0EC81CA8D4870099E85B /* icon_bottom_me_selected.png */; };
		7A2C0ED41CA8D4870099E85B /* icon_bottom_me.png in Resources */ = {isa = PBXBuildFile; fileRef = 7A2C0EC91CA8D4870099E85B /* icon_bottom_me.png */; };
		7A2C0ED51CA8D4870099E85B /* Kaligrid.png in Resources */ = {isa = PBXBuildFile; fileRef = 7A2C0ECA1CA8D4870099E85B /* Kaligrid.png */; };
		7A3033801C9E20E7009DC957 /* PrivacySettingTableViewController.swift in Sources */ = {isa = PBXBuildFile; fileRef = 7A30337F1C9E20E7009DC957 /* PrivacySettingTableViewController.swift */; };
		7A52A44C1C86A5C100CAC30A /* Foundation.framework in Frameworks */ = {isa = PBXBuildFile; fileRef = 7A52A44B1C86A5C100CAC30A /* Foundation.framework */; };
		7A52A44E1C86A5D200CAC30A /* UIKit.framework in Frameworks */ = {isa = PBXBuildFile; fileRef = 7A52A44D1C86A5D200CAC30A /* UIKit.framework */; };
		7A52A4501C86A5EA00CAC30A /* CoreLocation.framework in Frameworks */ = {isa = PBXBuildFile; fileRef = 7A52A44F1C86A5EA00CAC30A /* CoreLocation.framework */; };
		7A52A4521C86A5F900CAC30A /* CoreMotion.framework in Frameworks */ = {isa = PBXBuildFile; fileRef = 7A52A4511C86A5F900CAC30A /* CoreMotion.framework */; };
		7A52A4541C86A60600CAC30A /* Security.framework in Frameworks */ = {isa = PBXBuildFile; fileRef = 7A52A4531C86A60600CAC30A /* Security.framework */; };
		7A52A4561C86A61400CAC30A /* MediaPlayer.framework in Frameworks */ = {isa = PBXBuildFile; fileRef = 7A52A4551C86A61400CAC30A /* MediaPlayer.framework */; };
		7A52A4581C86A62300CAC30A /* AssetsLibrary.framework in Frameworks */ = {isa = PBXBuildFile; fileRef = 7A52A4571C86A62300CAC30A /* AssetsLibrary.framework */; };
		7A5824121CAB6B1200B7C886 /* BasicCell.swift in Sources */ = {isa = PBXBuildFile; fileRef = 7A5824111CAB6B1200B7C886 /* BasicCell.swift */; };
		7A5824151CAB71F600B7C886 /* icon_front_event.png in Resources */ = {isa = PBXBuildFile; fileRef = 7A5824141CAB71F600B7C886 /* icon_front_event.png */; };
		7A6B5B4A1CA4D6D5009ED9DE /* icon_add_cancel.png in Resources */ = {isa = PBXBuildFile; fileRef = 7A6B5B3E1CA4D6D5009ED9DE /* icon_add_cancel.png */; };
		7A6B5B4B1CA4D6D5009ED9DE /* icon_location_blue.png in Resources */ = {isa = PBXBuildFile; fileRef = 7A6B5B3F1CA4D6D5009ED9DE /* icon_location_blue.png */; };
		7A6B5B4C1CA4D6D5009ED9DE /* icon_location_orange.png in Resources */ = {isa = PBXBuildFile; fileRef = 7A6B5B401CA4D6D5009ED9DE /* icon_location_orange.png */; };
		7A6B5B4D1CA4D6D5009ED9DE /* icon_location_red.png in Resources */ = {isa = PBXBuildFile; fileRef = 7A6B5B411CA4D6D5009ED9DE /* icon_location_red.png */; };
		7A6B5B4E1CA4D6D5009ED9DE /* icon_new_cancel.png in Resources */ = {isa = PBXBuildFile; fileRef = 7A6B5B421CA4D6D5009ED9DE /* icon_new_cancel.png */; };
		7A6B5B4F1CA4D6D5009ED9DE /* icon_new_event.png in Resources */ = {isa = PBXBuildFile; fileRef = 7A6B5B431CA4D6D5009ED9DE /* icon_new_event.png */; };
		7A6B5B501CA4D6D5009ED9DE /* icon_new_fyi.png in Resources */ = {isa = PBXBuildFile; fileRef = 7A6B5B441CA4D6D5009ED9DE /* icon_new_fyi.png */; };
		7A6B5B511CA4D6D5009ED9DE /* icon_new_reminder.png in Resources */ = {isa = PBXBuildFile; fileRef = 7A6B5B451CA4D6D5009ED9DE /* icon_new_reminder.png */; };
		7A6B5B521CA4D6D5009ED9DE /* icon_new.png in Resources */ = {isa = PBXBuildFile; fileRef = 7A6B5B461CA4D6D5009ED9DE /* icon_new.png */; };
		7A6B5B531CA4D6D5009ED9DE /* icon_pic_blue.png in Resources */ = {isa = PBXBuildFile; fileRef = 7A6B5B471CA4D6D5009ED9DE /* icon_pic_blue.png */; };
		7A6B5B541CA4D6D5009ED9DE /* icon_pic_orange.png in Resources */ = {isa = PBXBuildFile; fileRef = 7A6B5B481CA4D6D5009ED9DE /* icon_pic_orange.png */; };
		7A6B5B551CA4D6D5009ED9DE /* icon_pic_red.png in Resources */ = {isa = PBXBuildFile; fileRef = 7A6B5B491CA4D6D5009ED9DE /* icon_pic_red.png */; };
		7A6B5B5B1CA5DDDC009ED9DE /* EventTypeViewController.swift in Sources */ = {isa = PBXBuildFile; fileRef = 7A6B5B5A1CA5DDDC009ED9DE /* EventTypeViewController.swift */; };
		7A713CE11C83EE200074D0C6 /* login_facebook.png in Resources */ = {isa = PBXBuildFile; fileRef = 7A713CDF1C83EE200074D0C6 /* login_facebook.png */; };
		7A713CE21C83EE200074D0C6 /* login_google.png in Resources */ = {isa = PBXBuildFile; fileRef = 7A713CE01C83EE200074D0C6 /* login_google.png */; };
		7A7E17791CC2C7E400792952 /* libsqlite3.tbd in Frameworks */ = {isa = PBXBuildFile; fileRef = 7A7E17781CC2C7E400792952 /* libsqlite3.tbd */; };
		7A7E177B1CC2C7ED00792952 /* libz.tbd in Frameworks */ = {isa = PBXBuildFile; fileRef = 7A7E177A1CC2C7ED00792952 /* libz.tbd */; };
		7A7F27221CC3262C003276B5 /* AWSDynamoDB.framework in Frameworks */ = {isa = PBXBuildFile; fileRef = 7A7F27211CC3262C003276B5 /* AWSDynamoDB.framework */; };
		7A7F27231CC3262C003276B5 /* AWSDynamoDB.framework in Embed Frameworks */ = {isa = PBXBuildFile; fileRef = 7A7F27211CC3262C003276B5 /* AWSDynamoDB.framework */; settings = {ATTRIBUTES = (CodeSignOnCopy, RemoveHeadersOnCopy, ); }; };
		7A7F72481C89356000B7DC29 /* NewEventViewController.swift in Sources */ = {isa = PBXBuildFile; fileRef = 7A7F72471C89356000B7DC29 /* NewEventViewController.swift */; };
		7A7F724A1C89385C00B7DC29 /* DateTableViewController.swift in Sources */ = {isa = PBXBuildFile; fileRef = 7A7F72491C89385C00B7DC29 /* DateTableViewController.swift */; };
		7A8CD8F51C7D4E4300D462C8 /* LogInViewController.swift in Sources */ = {isa = PBXBuildFile; fileRef = 7A8CD8F41C7D4E4300D462C8 /* LogInViewController.swift */; };
		7A8CD8F71C7D53B100D462C8 /* ThirdViewController.swift in Sources */ = {isa = PBXBuildFile; fileRef = 7A8CD8F61C7D53B100D462C8 /* ThirdViewController.swift */; };
		7A8CD8F91C7D53C400D462C8 /* FourthViewController.swift in Sources */ = {isa = PBXBuildFile; fileRef = 7A8CD8F81C7D53C400D462C8 /* FourthViewController.swift */; };
		7A8CD8FB1C7D53D500D462C8 /* FifthViewController.swift in Sources */ = {isa = PBXBuildFile; fileRef = 7A8CD8FA1C7D53D500D462C8 /* FifthViewController.swift */; };
		7A9FAA5E1C8FB1D6007CF78D /* FSCalendar.framework in Frameworks */ = {isa = PBXBuildFile; fileRef = 7A9FAA5D1C8FB1D6007CF78D /* FSCalendar.framework */; };
		7A9FAA681C8FD0BC007CF78D /* AccountSettingsViewController.swift in Sources */ = {isa = PBXBuildFile; fileRef = 7A9FAA671C8FD0BC007CF78D /* AccountSettingsViewController.swift */; };
		7AB1805B1C9D5F5500FDCD91 /* DynamoDBConstants.swift in Sources */ = {isa = PBXBuildFile; fileRef = 7AB1805A1C9D5F5500FDCD91 /* DynamoDBConstants.swift */; };
		7AB1805E1C9D7A5D00FDCD91 /* DynamoDBManager.swift in Sources */ = {isa = PBXBuildFile; fileRef = 7AB1805D1C9D7A5D00FDCD91 /* DynamoDBManager.swift */; };
		7AB180601C9DEDB800FDCD91 /* SettingUITableViewController.swift in Sources */ = {isa = PBXBuildFile; fileRef = 7AB1805F1C9DEDB800FDCD91 /* SettingUITableViewController.swift */; };
		7AB180671C9DEFDD00FDCD91 /* Main.storyboard in Resources */ = {isa = PBXBuildFile; fileRef = 7AB180651C9DEFDD00FDCD91 /* Main.storyboard */; };
		7ACB9E1C1C7A758C0003A65C /* AppDelegate.swift in Sources */ = {isa = PBXBuildFile; fileRef = 7ACB9E1B1C7A758C0003A65C /* AppDelegate.swift */; };
		7ACB9E1E1C7A758C0003A65C /* FirstViewController.swift in Sources */ = {isa = PBXBuildFile; fileRef = 7ACB9E1D1C7A758C0003A65C /* FirstViewController.swift */; };
		7ACB9E201C7A758C0003A65C /* SecondViewController.swift in Sources */ = {isa = PBXBuildFile; fileRef = 7ACB9E1F1C7A758C0003A65C /* SecondViewController.swift */; };
		7ACB9E251C7A758C0003A65C /* Assets.xcassets in Resources */ = {isa = PBXBuildFile; fileRef = 7ACB9E241C7A758C0003A65C /* Assets.xcassets */; };
		7ACB9E281C7A758C0003A65C /* LaunchScreen.storyboard in Resources */ = {isa = PBXBuildFile; fileRef = 7ACB9E261C7A758C0003A65C /* LaunchScreen.storyboard */; };
		7AEE52CC1CC2C12300348C4D /* Aws in Resources */ = {isa = PBXBuildFile; fileRef = 7AEE52C91CC2C12300348C4D /* Aws */; };
		7AEE52CD1CC2C12300348C4D /* Facebook in Resources */ = {isa = PBXBuildFile; fileRef = 7AEE52CA1CC2C12300348C4D /* Facebook */; };
		7AEE52CE1CC2C12300348C4D /* Google in Resources */ = {isa = PBXBuildFile; fileRef = 7AEE52CB1CC2C12300348C4D /* Google */; };
		7AEE52D11CC2C19600348C4D /* AWSMobileClient.swift in Sources */ = {isa = PBXBuildFile; fileRef = 7AEE52CF1CC2C19600348C4D /* AWSMobileClient.swift */; };
		7AEE52D21CC2C19600348C4D /* AWSMobileHubHelper.framework in Frameworks */ = {isa = PBXBuildFile; fileRef = 7AEE52D01CC2C19600348C4D /* AWSMobileHubHelper.framework */; };
		7AEE52D61CC2C2E900348C4D /* AWSCore.framework in Frameworks */ = {isa = PBXBuildFile; fileRef = 7AEE52D31CC2C2E900348C4D /* AWSCore.framework */; };
		7AEE52D71CC2C2E900348C4D /* AWSMobileAnalytics.framework in Frameworks */ = {isa = PBXBuildFile; fileRef = 7AEE52D41CC2C2E900348C4D /* AWSMobileAnalytics.framework */; };
		7AEE52D81CC2C2E900348C4D /* AWSS3.framework in Frameworks */ = {isa = PBXBuildFile; fileRef = 7AEE52D51CC2C2E900348C4D /* AWSS3.framework */; };
		7AEE52DB1CC2C30300348C4D /* AWSCognito.framework in Frameworks */ = {isa = PBXBuildFile; fileRef = 7AEE52D91CC2C30300348C4D /* AWSCognito.framework */; };
		7AF00BA91C800D0E00FB22E3 /* TabbarViewController.swift in Sources */ = {isa = PBXBuildFile; fileRef = 7AF00BA81C800D0E00FB22E3 /* TabbarViewController.swift */; };
/* End PBXBuildFile section */

/* Begin PBXCopyFilesBuildPhase section */
		7A19CE5A1CC2DCE200E3B1E0 /* Embed Frameworks */ = {
			isa = PBXCopyFilesBuildPhase;
			buildActionMask = 2147483647;
			dstPath = "";
			dstSubfolderSpec = 10;
			files = (
				7A19CE601CC2DCFA00E3B1E0 /* AWSS3.framework in Embed Frameworks */,
				7A19CE621CC2DD0300E3B1E0 /* AWSCore.framework in Embed Frameworks */,
				7A19CE5E1CC2DCEF00E3B1E0 /* AWSMobileAnalytics.framework in Embed Frameworks */,
				7A19CE591CC2DCE200E3B1E0 /* AWSCognito.framework in Embed Frameworks */,
				7A7F27231CC3262C003276B5 /* AWSDynamoDB.framework in Embed Frameworks */,
			);
			name = "Embed Frameworks";
			runOnlyForDeploymentPostprocessing = 0;
		};
/* End PBXCopyFilesBuildPhase section */

/* Begin PBXFileReference section */
		5FF018EEB159018DB9D1A7DE /* Pods-Kaligrid-beta.debug.xcconfig */ = {isa = PBXFileReference; includeInIndex = 1; lastKnownFileType = text.xcconfig; name = "Pods-Kaligrid-beta.debug.xcconfig"; path = "Pods/Target Support Files/Pods-Kaligrid-beta/Pods-Kaligrid-beta.debug.xcconfig"; sourceTree = "<group>"; };
		67E5BDC790ED173AF248359D /* Pods-Kaligrid-beta.release.xcconfig */ = {isa = PBXFileReference; includeInIndex = 1; lastKnownFileType = text.xcconfig; name = "Pods-Kaligrid-beta.release.xcconfig"; path = "Pods/Target Support Files/Pods-Kaligrid-beta/Pods-Kaligrid-beta.release.xcconfig"; sourceTree = "<group>"; };
		7A06A0071C852F2000318ED0 /* StoreKit.framework */ = {isa = PBXFileReference; lastKnownFileType = wrapper.framework; name = StoreKit.framework; path = System/Library/Frameworks/StoreKit.framework; sourceTree = SDKROOT; };
		7A06A0091C852F3300318ED0 /* AddressBook.framework */ = {isa = PBXFileReference; lastKnownFileType = wrapper.framework; name = AddressBook.framework; path = System/Library/Frameworks/AddressBook.framework; sourceTree = SDKROOT; };
		7A06A00B1C852F3F00318ED0 /* SystemConfiguration.framework */ = {isa = PBXFileReference; lastKnownFileType = wrapper.framework; name = SystemConfiguration.framework; path = System/Library/Frameworks/SystemConfiguration.framework; sourceTree = SDKROOT; };
		7A06A00D1C8533A400318ED0 /* Kaligrid-beta-Bridging-Header.h */ = {isa = PBXFileReference; lastKnownFileType = sourcecode.c.h; name = "Kaligrid-beta-Bridging-Header.h"; path = "AmazonAws/Kaligrid-beta-Bridging-Header.h"; sourceTree = "<group>"; };
		7A19CE561CC2CB9F00E3B1E0 /* SafariServices.framework */ = {isa = PBXFileReference; lastKnownFileType = wrapper.framework; name = SafariServices.framework; path = System/Library/Frameworks/SafariServices.framework; sourceTree = SDKROOT; };
		7A19CE631CC2DD3500E3B1E0 /* FBSDKCoreKit.framework */ = {isa = PBXFileReference; lastKnownFileType = wrapper.framework; name = FBSDKCoreKit.framework; path = "Kaligrid-beta/Sdk/Facebook/FBSDKCoreKit.framework"; sourceTree = "<group>"; };
		7A19CE641CC2DD3500E3B1E0 /* FBSDKLoginKit.framework */ = {isa = PBXFileReference; lastKnownFileType = wrapper.framework; name = FBSDKLoginKit.framework; path = "Kaligrid-beta/Sdk/Facebook/FBSDKLoginKit.framework"; sourceTree = "<group>"; };
		7A19CE651CC2DD3500E3B1E0 /* FBSDKShareKit.framework */ = {isa = PBXFileReference; lastKnownFileType = wrapper.framework; name = FBSDKShareKit.framework; path = "Kaligrid-beta/Sdk/Facebook/FBSDKShareKit.framework"; sourceTree = "<group>"; };
		7A19CE691CC2DD5900E3B1E0 /* GoogleSignIn.framework */ = {isa = PBXFileReference; lastKnownFileType = wrapper.framework; name = GoogleSignIn.framework; path = "Kaligrid-beta/Sdk/Google/GoogleSignIn.framework"; sourceTree = "<group>"; };
		7A27BD9F1CAA097600118A5E /* DynamoDBManager.h */ = {isa = PBXFileReference; lastKnownFileType = sourcecode.c.h; path = DynamoDBManager.h; sourceTree = "<group>"; };
		7A2C0EC01CA8D4870099E85B /* icon_bottom_friends_selected.png */ = {isa = PBXFileReference; lastKnownFileType = image.png; name = icon_bottom_friends_selected.png; path = "../../../Downloads/OneDrive-2016-03-27/icon_bottom_friends_selected.png"; sourceTree = "<group>"; };
		7A2C0EC11CA8D4870099E85B /* icon_bottom_friends.png */ = {isa = PBXFileReference; lastKnownFileType = image.png; name = icon_bottom_friends.png; path = "../../../Downloads/OneDrive-2016-03-27/icon_bottom_friends.png"; sourceTree = "<group>"; };
		7A2C0EC21CA8D4870099E85B /* icon_bottom_grid_selected.png */ = {isa = PBXFileReference; lastKnownFileType = image.png; name = icon_bottom_grid_selected.png; path = "../../../Downloads/OneDrive-2016-03-27/icon_bottom_grid_selected.png"; sourceTree = "<group>"; };
		7A2C0EC31CA8D4870099E85B /* icon_bottom_grid.png */ = {isa = PBXFileReference; lastKnownFileType = image.png; name = icon_bottom_grid.png; path = "../../../Downloads/OneDrive-2016-03-27/icon_bottom_grid.png"; sourceTree = "<group>"; };
		7A2C0EC41CA8D4870099E85B /* icon_bottom_kali_selected.png */ = {isa = PBXFileReference; lastKnownFileType = image.png; name = icon_bottom_kali_selected.png; path = "../../../Downloads/OneDrive-2016-03-27/icon_bottom_kali_selected.png"; sourceTree = "<group>"; };
		7A2C0EC51CA8D4870099E85B /* icon_bottom_kali.png */ = {isa = PBXFileReference; lastKnownFileType = image.png; name = icon_bottom_kali.png; path = "../../../Downloads/OneDrive-2016-03-27/icon_bottom_kali.png"; sourceTree = "<group>"; };
		7A2C0EC61CA8D4870099E85B /* icon_bottom_list_selected.png */ = {isa = PBXFileReference; lastKnownFileType = image.png; name = icon_bottom_list_selected.png; path = "../../../Downloads/OneDrive-2016-03-27/icon_bottom_list_selected.png"; sourceTree = "<group>"; };
		7A2C0EC71CA8D4870099E85B /* icon_bottom_list.png */ = {isa = PBXFileReference; lastKnownFileType = image.png; name = icon_bottom_list.png; path = "../../../Downloads/OneDrive-2016-03-27/icon_bottom_list.png"; sourceTree = "<group>"; };
		7A2C0EC81CA8D4870099E85B /* icon_bottom_me_selected.png */ = {isa = PBXFileReference; lastKnownFileType = image.png; name = icon_bottom_me_selected.png; path = "../../../Downloads/OneDrive-2016-03-27/icon_bottom_me_selected.png"; sourceTree = "<group>"; };
		7A2C0EC91CA8D4870099E85B /* icon_bottom_me.png */ = {isa = PBXFileReference; lastKnownFileType = image.png; name = icon_bottom_me.png; path = "../../../Downloads/OneDrive-2016-03-27/icon_bottom_me.png"; sourceTree = "<group>"; };
		7A2C0ECA1CA8D4870099E85B /* Kaligrid.png */ = {isa = PBXFileReference; lastKnownFileType = image.png; name = Kaligrid.png; path = "../../../Downloads/OneDrive-2016-03-27/Kaligrid.png"; sourceTree = "<group>"; };
		7A30337F1C9E20E7009DC957 /* PrivacySettingTableViewController.swift */ = {isa = PBXFileReference; fileEncoding = 4; lastKnownFileType = sourcecode.swift; path = PrivacySettingTableViewController.swift; sourceTree = "<group>"; };
		7A52A44B1C86A5C100CAC30A /* Foundation.framework */ = {isa = PBXFileReference; lastKnownFileType = wrapper.framework; name = Foundation.framework; path = System/Library/Frameworks/Foundation.framework; sourceTree = SDKROOT; };
		7A52A44D1C86A5D200CAC30A /* UIKit.framework */ = {isa = PBXFileReference; lastKnownFileType = wrapper.framework; name = UIKit.framework; path = System/Library/Frameworks/UIKit.framework; sourceTree = SDKROOT; };
		7A52A44F1C86A5EA00CAC30A /* CoreLocation.framework */ = {isa = PBXFileReference; lastKnownFileType = wrapper.framework; name = CoreLocation.framework; path = System/Library/Frameworks/CoreLocation.framework; sourceTree = SDKROOT; };
		7A52A4511C86A5F900CAC30A /* CoreMotion.framework */ = {isa = PBXFileReference; lastKnownFileType = wrapper.framework; name = CoreMotion.framework; path = System/Library/Frameworks/CoreMotion.framework; sourceTree = SDKROOT; };
		7A52A4531C86A60600CAC30A /* Security.framework */ = {isa = PBXFileReference; lastKnownFileType = wrapper.framework; name = Security.framework; path = System/Library/Frameworks/Security.framework; sourceTree = SDKROOT; };
		7A52A4551C86A61400CAC30A /* MediaPlayer.framework */ = {isa = PBXFileReference; lastKnownFileType = wrapper.framework; name = MediaPlayer.framework; path = System/Library/Frameworks/MediaPlayer.framework; sourceTree = SDKROOT; };
		7A52A4571C86A62300CAC30A /* AssetsLibrary.framework */ = {isa = PBXFileReference; lastKnownFileType = wrapper.framework; name = AssetsLibrary.framework; path = System/Library/Frameworks/AssetsLibrary.framework; sourceTree = SDKROOT; };
		7A5824111CAB6B1200B7C886 /* BasicCell.swift */ = {isa = PBXFileReference; fileEncoding = 4; lastKnownFileType = sourcecode.swift; path = BasicCell.swift; sourceTree = "<group>"; };
		7A5824141CAB71F600B7C886 /* icon_front_event.png */ = {isa = PBXFileReference; lastKnownFileType = image.png; path = icon_front_event.png; sourceTree = "<group>"; };
		7A6B5B3E1CA4D6D5009ED9DE /* icon_add_cancel.png */ = {isa = PBXFileReference; lastKnownFileType = image.png; name = icon_add_cancel.png; path = "Add Images/icon_add_cancel.png"; sourceTree = SOURCE_ROOT; };
		7A6B5B3F1CA4D6D5009ED9DE /* icon_location_blue.png */ = {isa = PBXFileReference; lastKnownFileType = image.png; name = icon_location_blue.png; path = "Add Images/icon_location_blue.png"; sourceTree = SOURCE_ROOT; };
		7A6B5B401CA4D6D5009ED9DE /* icon_location_orange.png */ = {isa = PBXFileReference; lastKnownFileType = image.png; name = icon_location_orange.png; path = "Add Images/icon_location_orange.png"; sourceTree = SOURCE_ROOT; };
		7A6B5B411CA4D6D5009ED9DE /* icon_location_red.png */ = {isa = PBXFileReference; lastKnownFileType = image.png; name = icon_location_red.png; path = "Add Images/icon_location_red.png"; sourceTree = SOURCE_ROOT; };
		7A6B5B421CA4D6D5009ED9DE /* icon_new_cancel.png */ = {isa = PBXFileReference; lastKnownFileType = image.png; name = icon_new_cancel.png; path = "Add Images/icon_new_cancel.png"; sourceTree = SOURCE_ROOT; };
		7A6B5B431CA4D6D5009ED9DE /* icon_new_event.png */ = {isa = PBXFileReference; lastKnownFileType = image.png; name = icon_new_event.png; path = "Add Images/icon_new_event.png"; sourceTree = SOURCE_ROOT; };
		7A6B5B441CA4D6D5009ED9DE /* icon_new_fyi.png */ = {isa = PBXFileReference; lastKnownFileType = image.png; name = icon_new_fyi.png; path = "Add Images/icon_new_fyi.png"; sourceTree = SOURCE_ROOT; };
		7A6B5B451CA4D6D5009ED9DE /* icon_new_reminder.png */ = {isa = PBXFileReference; lastKnownFileType = image.png; name = icon_new_reminder.png; path = "Add Images/icon_new_reminder.png"; sourceTree = SOURCE_ROOT; };
		7A6B5B461CA4D6D5009ED9DE /* icon_new.png */ = {isa = PBXFileReference; lastKnownFileType = image.png; name = icon_new.png; path = "Add Images/icon_new.png"; sourceTree = SOURCE_ROOT; };
		7A6B5B471CA4D6D5009ED9DE /* icon_pic_blue.png */ = {isa = PBXFileReference; lastKnownFileType = image.png; name = icon_pic_blue.png; path = "Add Images/icon_pic_blue.png"; sourceTree = SOURCE_ROOT; };
		7A6B5B481CA4D6D5009ED9DE /* icon_pic_orange.png */ = {isa = PBXFileReference; lastKnownFileType = image.png; name = icon_pic_orange.png; path = "Add Images/icon_pic_orange.png"; sourceTree = SOURCE_ROOT; };
		7A6B5B491CA4D6D5009ED9DE /* icon_pic_red.png */ = {isa = PBXFileReference; lastKnownFileType = image.png; name = icon_pic_red.png; path = "Add Images/icon_pic_red.png"; sourceTree = SOURCE_ROOT; };
		7A6B5B5A1CA5DDDC009ED9DE /* EventTypeViewController.swift */ = {isa = PBXFileReference; fileEncoding = 4; lastKnownFileType = sourcecode.swift; path = EventTypeViewController.swift; sourceTree = "<group>"; };
		7A713CDF1C83EE200074D0C6 /* login_facebook.png */ = {isa = PBXFileReference; lastKnownFileType = image.png; path = login_facebook.png; sourceTree = "<group>"; };
		7A713CE01C83EE200074D0C6 /* login_google.png */ = {isa = PBXFileReference; lastKnownFileType = image.png; path = login_google.png; sourceTree = "<group>"; };
		7A7E17781CC2C7E400792952 /* libsqlite3.tbd */ = {isa = PBXFileReference; lastKnownFileType = "sourcecode.text-based-dylib-definition"; name = libsqlite3.tbd; path = usr/lib/libsqlite3.tbd; sourceTree = SDKROOT; };
		7A7E177A1CC2C7ED00792952 /* libz.tbd */ = {isa = PBXFileReference; lastKnownFileType = "sourcecode.text-based-dylib-definition"; name = libz.tbd; path = usr/lib/libz.tbd; sourceTree = SDKROOT; };
		7A7F27211CC3262C003276B5 /* AWSDynamoDB.framework */ = {isa = PBXFileReference; lastKnownFileType = wrapper.framework; name = AWSDynamoDB.framework; path = "Kaligrid-beta/Sdk/Aws/extras/AWSDynamoDB.framework"; sourceTree = "<group>"; };
		7A7F72471C89356000B7DC29 /* NewEventViewController.swift */ = {isa = PBXFileReference; fileEncoding = 4; lastKnownFileType = sourcecode.swift; path = NewEventViewController.swift; sourceTree = "<group>"; };
		7A7F72491C89385C00B7DC29 /* DateTableViewController.swift */ = {isa = PBXFileReference; fileEncoding = 4; lastKnownFileType = sourcecode.swift; path = DateTableViewController.swift; sourceTree = "<group>"; };
		7A8CD8F41C7D4E4300D462C8 /* LogInViewController.swift */ = {isa = PBXFileReference; fileEncoding = 4; lastKnownFileType = sourcecode.swift; path = LogInViewController.swift; sourceTree = "<group>"; };
		7A8CD8F61C7D53B100D462C8 /* ThirdViewController.swift */ = {isa = PBXFileReference; fileEncoding = 4; lastKnownFileType = sourcecode.swift; path = ThirdViewController.swift; sourceTree = "<group>"; };
		7A8CD8F81C7D53C400D462C8 /* FourthViewController.swift */ = {isa = PBXFileReference; fileEncoding = 4; lastKnownFileType = sourcecode.swift; path = FourthViewController.swift; sourceTree = "<group>"; };
		7A8CD8FA1C7D53D500D462C8 /* FifthViewController.swift */ = {isa = PBXFileReference; fileEncoding = 4; lastKnownFileType = sourcecode.swift; path = FifthViewController.swift; sourceTree = "<group>"; };
		7A9FAA5D1C8FB1D6007CF78D /* FSCalendar.framework */ = {isa = PBXFileReference; lastKnownFileType = wrapper.framework; name = FSCalendar.framework; path = "../../Library/Developer/Xcode/DerivedData/Kaligrid-beta-atzpmeywtkpiapgegppdsjxbkgrj/Build/Products/Debug-iphonesimulator/FSCalendar.framework"; sourceTree = "<group>"; };
		7A9FAA671C8FD0BC007CF78D /* AccountSettingsViewController.swift */ = {isa = PBXFileReference; fileEncoding = 4; lastKnownFileType = sourcecode.swift; path = AccountSettingsViewController.swift; sourceTree = "<group>"; };
		7AB1805A1C9D5F5500FDCD91 /* DynamoDBConstants.swift */ = {isa = PBXFileReference; fileEncoding = 4; lastKnownFileType = sourcecode.swift; path = DynamoDBConstants.swift; sourceTree = "<group>"; };
		7AB1805D1C9D7A5D00FDCD91 /* DynamoDBManager.swift */ = {isa = PBXFileReference; fileEncoding = 4; lastKnownFileType = sourcecode.swift; path = DynamoDBManager.swift; sourceTree = "<group>"; };
		7AB1805F1C9DEDB800FDCD91 /* SettingUITableViewController.swift */ = {isa = PBXFileReference; fileEncoding = 4; lastKnownFileType = sourcecode.swift; path = SettingUITableViewController.swift; sourceTree = "<group>"; };
		7AB180661C9DEFDD00FDCD91 /* Base */ = {isa = PBXFileReference; lastKnownFileType = file.storyboard; name = Base; path = Base.lproj/Main.storyboard; sourceTree = "<group>"; };
		7ACB9E181C7A758C0003A65C /* Kaligrid-beta.app */ = {isa = PBXFileReference; explicitFileType = wrapper.application; includeInIndex = 0; path = "Kaligrid-beta.app"; sourceTree = BUILT_PRODUCTS_DIR; };
		7ACB9E1B1C7A758C0003A65C /* AppDelegate.swift */ = {isa = PBXFileReference; lastKnownFileType = sourcecode.swift; path = AppDelegate.swift; sourceTree = "<group>"; };
		7ACB9E1D1C7A758C0003A65C /* FirstViewController.swift */ = {isa = PBXFileReference; lastKnownFileType = sourcecode.swift; path = FirstViewController.swift; sourceTree = "<group>"; };
		7ACB9E1F1C7A758C0003A65C /* SecondViewController.swift */ = {isa = PBXFileReference; lastKnownFileType = sourcecode.swift; path = SecondViewController.swift; sourceTree = "<group>"; };
		7ACB9E241C7A758C0003A65C /* Assets.xcassets */ = {isa = PBXFileReference; lastKnownFileType = folder.assetcatalog; path = Assets.xcassets; sourceTree = "<group>"; };
		7ACB9E271C7A758C0003A65C /* Base */ = {isa = PBXFileReference; lastKnownFileType = file.storyboard; name = Base; path = Base.lproj/LaunchScreen.storyboard; sourceTree = "<group>"; };
		7ACB9E291C7A758C0003A65C /* Info.plist */ = {isa = PBXFileReference; lastKnownFileType = text.plist.xml; path = Info.plist; sourceTree = "<group>"; };
		7AEE52C91CC2C12300348C4D /* Aws */ = {isa = PBXFileReference; lastKnownFileType = folder; path = Aws; sourceTree = "<group>"; };
		7AEE52CA1CC2C12300348C4D /* Facebook */ = {isa = PBXFileReference; lastKnownFileType = folder; path = Facebook; sourceTree = "<group>"; };
		7AEE52CB1CC2C12300348C4D /* Google */ = {isa = PBXFileReference; lastKnownFileType = folder; path = Google; sourceTree = "<group>"; };
		7AEE52CF1CC2C19600348C4D /* AWSMobileClient.swift */ = {isa = PBXFileReference; fileEncoding = 4; lastKnownFileType = sourcecode.swift; path = AWSMobileClient.swift; sourceTree = "<group>"; };
		7AEE52D01CC2C19600348C4D /* AWSMobileHubHelper.framework */ = {isa = PBXFileReference; lastKnownFileType = wrapper.framework; path = AWSMobileHubHelper.framework; sourceTree = "<group>"; };
		7AEE52D31CC2C2E900348C4D /* AWSCore.framework */ = {isa = PBXFileReference; lastKnownFileType = wrapper.framework; name = AWSCore.framework; path = "Kaligrid-beta/Sdk/Aws/AWSCore.framework"; sourceTree = "<group>"; };
		7AEE52D41CC2C2E900348C4D /* AWSMobileAnalytics.framework */ = {isa = PBXFileReference; lastKnownFileType = wrapper.framework; name = AWSMobileAnalytics.framework; path = "Kaligrid-beta/Sdk/Aws/AWSMobileAnalytics.framework"; sourceTree = "<group>"; };
		7AEE52D51CC2C2E900348C4D /* AWSS3.framework */ = {isa = PBXFileReference; lastKnownFileType = wrapper.framework; name = AWSS3.framework; path = "Kaligrid-beta/Sdk/Aws/AWSS3.framework"; sourceTree = "<group>"; };
		7AEE52D91CC2C30300348C4D /* AWSCognito.framework */ = {isa = PBXFileReference; lastKnownFileType = wrapper.framework; name = AWSCognito.framework; path = "Kaligrid-beta/Sdk/Aws/extras/AWSCognito.framework"; sourceTree = "<group>"; };
		7AEE52DA1CC2C30300348C4D /* AWSDynamoDB.framework */ = {isa = PBXFileReference; lastKnownFileType = wrapper.framework; name = AWSDynamoDB.framework; path = "Kaligrid-beta/Sdk/Aws/extras/AWSDynamoDB.framework"; sourceTree = "<group>"; };
		7AF00BA81C800D0E00FB22E3 /* TabbarViewController.swift */ = {isa = PBXFileReference; fileEncoding = 4; lastKnownFileType = sourcecode.swift; path = TabbarViewController.swift; sourceTree = "<group>"; };
		9EC5EBDDBB4380249870EA3A /* Pods_Kaligrid_beta.framework */ = {isa = PBXFileReference; explicitFileType = wrapper.framework; includeInIndex = 0; path = Pods_Kaligrid_beta.framework; sourceTree = BUILT_PRODUCTS_DIR; };
/* End PBXFileReference section */

/* Begin PBXFrameworksBuildPhase section */
		7ACB9E151C7A758C0003A65C /* Frameworks */ = {
			isa = PBXFrameworksBuildPhase;
			buildActionMask = 2147483647;
			files = (
				7A19CE6A1CC2DD5900E3B1E0 /* GoogleSignIn.framework in Frameworks */,
				7A19CE661CC2DD3500E3B1E0 /* FBSDKCoreKit.framework in Frameworks */,
				7A19CE671CC2DD3500E3B1E0 /* FBSDKLoginKit.framework in Frameworks */,
				7A19CE681CC2DD3500E3B1E0 /* FBSDKShareKit.framework in Frameworks */,
				7A7F27221CC3262C003276B5 /* AWSDynamoDB.framework in Frameworks */,
				7A06A00C1C852F3F00318ED0 /* SystemConfiguration.framework in Frameworks */,
				7A06A0081C852F2000318ED0 /* StoreKit.framework in Frameworks */,
				7A19CE571CC2CB9F00E3B1E0 /* SafariServices.framework in Frameworks */,
				7A06A00A1C852F3300318ED0 /* AddressBook.framework in Frameworks */,
				7A7E177B1CC2C7ED00792952 /* libz.tbd in Frameworks */,
				7A7E17791CC2C7E400792952 /* libsqlite3.tbd in Frameworks */,
				7A19CE611CC2DD0300E3B1E0 /* AWSCore.framework in Frameworks */,
				7A19CE581CC2DCE200E3B1E0 /* AWSCognito.framework in Frameworks */,
				7AEE52DB1CC2C30300348C4D /* AWSCognito.framework in Frameworks */,
				7A19CE5F1CC2DCFA00E3B1E0 /* AWSS3.framework in Frameworks */,
				7AEE52D61CC2C2E900348C4D /* AWSCore.framework in Frameworks */,
				7AEE52D71CC2C2E900348C4D /* AWSMobileAnalytics.framework in Frameworks */,
				7A19CE5B1CC2DCE900E3B1E0 /* AWSDynamoDB.framework in Frameworks */,
				7AEE52D81CC2C2E900348C4D /* AWSS3.framework in Frameworks */,
				7A9FAA5E1C8FB1D6007CF78D /* FSCalendar.framework in Frameworks */,
				7A52A4581C86A62300CAC30A /* AssetsLibrary.framework in Frameworks */,
				7A52A4561C86A61400CAC30A /* MediaPlayer.framework in Frameworks */,
				7A52A4541C86A60600CAC30A /* Security.framework in Frameworks */,
				7AEE52D21CC2C19600348C4D /* AWSMobileHubHelper.framework in Frameworks */,
				7A52A4521C86A5F900CAC30A /* CoreMotion.framework in Frameworks */,
				7A19CE5D1CC2DCEF00E3B1E0 /* AWSMobileAnalytics.framework in Frameworks */,
				7A52A4501C86A5EA00CAC30A /* CoreLocation.framework in Frameworks */,
				7A52A44E1C86A5D200CAC30A /* UIKit.framework in Frameworks */,
				7A52A44C1C86A5C100CAC30A /* Foundation.framework in Frameworks */,
				2810EAB9C753D6417C050D86 /* Pods_Kaligrid_beta.framework in Frameworks */,
			);
			runOnlyForDeploymentPostprocessing = 0;
		};
/* End PBXFrameworksBuildPhase section */

/* Begin PBXGroup section */
		2063CE415E88FBC7F5E11C1C /* Pods */ = {
			isa = PBXGroup;
			children = (
				5FF018EEB159018DB9D1A7DE /* Pods-Kaligrid-beta.debug.xcconfig */,
				67E5BDC790ED173AF248359D /* Pods-Kaligrid-beta.release.xcconfig */,
			);
			name = Pods;
			sourceTree = "<group>";
		};
		60B9255C16E36510668B6A19 /* Frameworks */ = {
			isa = PBXGroup;
			children = (
				7A19CE691CC2DD5900E3B1E0 /* GoogleSignIn.framework */,
				7A19CE631CC2DD3500E3B1E0 /* FBSDKCoreKit.framework */,
				7A19CE641CC2DD3500E3B1E0 /* FBSDKLoginKit.framework */,
				7A19CE651CC2DD3500E3B1E0 /* FBSDKShareKit.framework */,
				7A19CE561CC2CB9F00E3B1E0 /* SafariServices.framework */,
				7A7E177A1CC2C7ED00792952 /* libz.tbd */,
				7A7E17781CC2C7E400792952 /* libsqlite3.tbd */,
				7AEE52D91CC2C30300348C4D /* AWSCognito.framework */,
				7AEE52DA1CC2C30300348C4D /* AWSDynamoDB.framework */,
				7AEE52D31CC2C2E900348C4D /* AWSCore.framework */,
				7AEE52D41CC2C2E900348C4D /* AWSMobileAnalytics.framework */,
				7AEE52D51CC2C2E900348C4D /* AWSS3.framework */,
				7A9FAA5D1C8FB1D6007CF78D /* FSCalendar.framework */,
				9EC5EBDDBB4380249870EA3A /* Pods_Kaligrid_beta.framework */,
			);
			name = Frameworks;
			sourceTree = "<group>";
		};
		7A072FC01C85074F009CD798 /* AmazonAws */ = {
			isa = PBXGroup;
			children = (
				7AEE52CF1CC2C19600348C4D /* AWSMobileClient.swift */,
				7AEE52D01CC2C19600348C4D /* AWSMobileHubHelper.framework */,
			);
			path = AmazonAws;
			sourceTree = "<group>";
		};
		7A5824131CAB71C300B7C886 /* Smallicons */ = {
			isa = PBXGroup;
			children = (
				7A5824141CAB71F600B7C886 /* icon_front_event.png */,
			);
			name = Smallicons;
			sourceTree = "<group>";
		};
		7A6B5B3D1CA4D6A7009ED9DE /* AddEventImages */ = {
			isa = PBXGroup;
			children = (
				7A6B5B3E1CA4D6D5009ED9DE /* icon_add_cancel.png */,
				7A6B5B3F1CA4D6D5009ED9DE /* icon_location_blue.png */,
				7A6B5B401CA4D6D5009ED9DE /* icon_location_orange.png */,
				7A6B5B411CA4D6D5009ED9DE /* icon_location_red.png */,
				7A6B5B421CA4D6D5009ED9DE /* icon_new_cancel.png */,
				7A6B5B431CA4D6D5009ED9DE /* icon_new_event.png */,
				7A6B5B441CA4D6D5009ED9DE /* icon_new_fyi.png */,
				7A6B5B451CA4D6D5009ED9DE /* icon_new_reminder.png */,
				7A6B5B461CA4D6D5009ED9DE /* icon_new.png */,
				7A6B5B471CA4D6D5009ED9DE /* icon_pic_blue.png */,
				7A6B5B481CA4D6D5009ED9DE /* icon_pic_orange.png */,
				7A6B5B491CA4D6D5009ED9DE /* icon_pic_red.png */,
			);
			name = AddEventImages;
			sourceTree = "<group>";
		};
		7A713CDE1C83ED110074D0C6 /* LoginImages */ = {
			isa = PBXGroup;
			children = (
				7A713CDF1C83EE200074D0C6 /* login_facebook.png */,
				7A713CE01C83EE200074D0C6 /* login_google.png */,
			);
			name = LoginImages;
			sourceTree = "<group>";
		};
		7A8CD9061C7D60FE00D462C8 /* TabbarIcons */ = {
			isa = PBXGroup;
			children = (
				7A2C0EC01CA8D4870099E85B /* icon_bottom_friends_selected.png */,
				7A2C0EC11CA8D4870099E85B /* icon_bottom_friends.png */,
				7A2C0EC21CA8D4870099E85B /* icon_bottom_grid_selected.png */,
				7A2C0EC31CA8D4870099E85B /* icon_bottom_grid.png */,
				7A2C0EC41CA8D4870099E85B /* icon_bottom_kali_selected.png */,
				7A2C0EC51CA8D4870099E85B /* icon_bottom_kali.png */,
				7A2C0EC61CA8D4870099E85B /* icon_bottom_list_selected.png */,
				7A2C0EC71CA8D4870099E85B /* icon_bottom_list.png */,
				7A2C0EC81CA8D4870099E85B /* icon_bottom_me_selected.png */,
				7A2C0EC91CA8D4870099E85B /* icon_bottom_me.png */,
				7A2C0ECA1CA8D4870099E85B /* Kaligrid.png */,
			);
			name = TabbarIcons;
			sourceTree = "<group>";
		};
		7A9FAA5B1C8FADA3007CF78D /* kaliStoryboards */ = {
			isa = PBXGroup;
			children = (
				7AB180651C9DEFDD00FDCD91 /* Main.storyboard */,
				7ACB9E261C7A758C0003A65C /* LaunchScreen.storyboard */,
			);
			name = kaliStoryboards;
			sourceTree = "<group>";
		};
		7A9FAA5C1C8FADDB007CF78D /* kaliViewControllers */ = {
			isa = PBXGroup;
			children = (
				7A8CD8F41C7D4E4300D462C8 /* LogInViewController.swift */,
				7AF00BA81C800D0E00FB22E3 /* TabbarViewController.swift */,
				7ACB9E1D1C7A758C0003A65C /* FirstViewController.swift */,
				7A5824111CAB6B1200B7C886 /* BasicCell.swift */,
				7A6B5B5A1CA5DDDC009ED9DE /* EventTypeViewController.swift */,
				7A7F72471C89356000B7DC29 /* NewEventViewController.swift */,
				7A7F72491C89385C00B7DC29 /* DateTableViewController.swift */,
				7A9FAA671C8FD0BC007CF78D /* AccountSettingsViewController.swift */,
				7ACB9E1F1C7A758C0003A65C /* SecondViewController.swift */,
				7A8CD8F61C7D53B100D462C8 /* ThirdViewController.swift */,
				7A8CD8F81C7D53C400D462C8 /* FourthViewController.swift */,
				7A8CD8FA1C7D53D500D462C8 /* FifthViewController.swift */,
				7AB1805F1C9DEDB800FDCD91 /* SettingUITableViewController.swift */,
				7A30337F1C9E20E7009DC957 /* PrivacySettingTableViewController.swift */,
			);
			name = kaliViewControllers;
			sourceTree = "<group>";
		};
		7AB1805C1C9D5F7700FDCD91 /* DynamoDB */ = {
			isa = PBXGroup;
			children = (
				7AB1805A1C9D5F5500FDCD91 /* DynamoDBConstants.swift */,
				7AB1805D1C9D7A5D00FDCD91 /* DynamoDBManager.swift */,
				7A27BD9F1CAA097600118A5E /* DynamoDBManager.h */,
			);
			name = DynamoDB;
			sourceTree = "<group>";
		};
		7ACB9E0F1C7A758C0003A65C = {
			isa = PBXGroup;
			children = (
				7A7F27211CC3262C003276B5 /* AWSDynamoDB.framework */,
				7ACB9E1A1C7A758C0003A65C /* Kaligrid-beta */,
				7ACB9E191C7A758C0003A65C /* Products */,
				2063CE415E88FBC7F5E11C1C /* Pods */,
				60B9255C16E36510668B6A19 /* Frameworks */,
			);
			sourceTree = "<group>";
		};
		7ACB9E191C7A758C0003A65C /* Products */ = {
			isa = PBXGroup;
			children = (
				7ACB9E181C7A758C0003A65C /* Kaligrid-beta.app */,
			);
			name = Products;
			sourceTree = "<group>";
		};
		7ACB9E1A1C7A758C0003A65C /* Kaligrid-beta */ = {
			isa = PBXGroup;
			children = (
				7AB1805C1C9D5F7700FDCD91 /* DynamoDB */,
				7ACB9E1B1C7A758C0003A65C /* AppDelegate.swift */,
				7ACB9E241C7A758C0003A65C /* Assets.xcassets */,
				7ACB9E291C7A758C0003A65C /* Info.plist */,
				7A06A00D1C8533A400318ED0 /* Kaligrid-beta-Bridging-Header.h */,
				7A9FAA5C1C8FADDB007CF78D /* kaliViewControllers */,
				7A9FAA5B1C8FADA3007CF78D /* kaliStoryboards */,
				7A072FC01C85074F009CD798 /* AmazonAws */,
				7AF9F3641C852AE600F14B38 /* Sdk */,
				7A713CDE1C83ED110074D0C6 /* LoginImages */,
				7A6B5B3D1CA4D6A7009ED9DE /* AddEventImages */,
				7A5824131CAB71C300B7C886 /* Smallicons */,
				7A8CD9061C7D60FE00D462C8 /* TabbarIcons */,
			);
			path = "Kaligrid-beta";
			sourceTree = "<group>";
		};
		7AF9F3641C852AE600F14B38 /* Sdk */ = {
			isa = PBXGroup;
			children = (
				7AEE52C91CC2C12300348C4D /* Aws */,
				7AEE52CA1CC2C12300348C4D /* Facebook */,
				7AEE52CB1CC2C12300348C4D /* Google */,
				7A52A44B1C86A5C100CAC30A /* Foundation.framework */,
				7A52A44D1C86A5D200CAC30A /* UIKit.framework */,
				7A52A44F1C86A5EA00CAC30A /* CoreLocation.framework */,
				7A52A4511C86A5F900CAC30A /* CoreMotion.framework */,
				7A52A4531C86A60600CAC30A /* Security.framework */,
				7A52A4551C86A61400CAC30A /* MediaPlayer.framework */,
				7A52A4571C86A62300CAC30A /* AssetsLibrary.framework */,
				7A06A00B1C852F3F00318ED0 /* SystemConfiguration.framework */,
				7A06A0091C852F3300318ED0 /* AddressBook.framework */,
				7A06A0071C852F2000318ED0 /* StoreKit.framework */,
			);
			path = Sdk;
			sourceTree = "<group>";
		};
/* End PBXGroup section */

/* Begin PBXNativeTarget section */
		7ACB9E171C7A758C0003A65C /* Kaligrid-beta */ = {
			isa = PBXNativeTarget;
			buildConfigurationList = 7ACB9E2C1C7A758C0003A65C /* Build configuration list for PBXNativeTarget "Kaligrid-beta" */;
			buildPhases = (
				E5C85DBF97C353D14E2E0307 /* Check Pods Manifest.lock */,
				7ACB9E141C7A758C0003A65C /* Sources */,
				7ACB9E151C7A758C0003A65C /* Frameworks */,
				7ACB9E161C7A758C0003A65C /* Resources */,
				D5C300155D2C4354DB742D05 /* Embed Pods Frameworks */,
				E33F7FF7EA50E56E7E649209 /* Copy Pods Resources */,
				7A19CE5A1CC2DCE200E3B1E0 /* Embed Frameworks */,
			);
			buildRules = (
			);
			dependencies = (
			);
			name = "Kaligrid-beta";
			productName = "Kaligrid-beta";
			productReference = 7ACB9E181C7A758C0003A65C /* Kaligrid-beta.app */;
			productType = "com.apple.product-type.application";
		};
/* End PBXNativeTarget section */

/* Begin PBXProject section */
		7ACB9E101C7A758C0003A65C /* Project object */ = {
			isa = PBXProject;
			attributes = {
				LastSwiftUpdateCheck = 0730;
				LastUpgradeCheck = 0730;
				ORGANIZATIONNAME = Kaligrid;
				TargetAttributes = {
					7ACB9E171C7A758C0003A65C = {
						CreatedOnToolsVersion = 7.3;
					};
				};
			};
			buildConfigurationList = 7ACB9E131C7A758C0003A65C /* Build configuration list for PBXProject "Kaligrid-beta" */;
			compatibilityVersion = "Xcode 3.2";
			developmentRegion = English;
			hasScannedForEncodings = 0;
			knownRegions = (
				en,
				Base,
			);
			mainGroup = 7ACB9E0F1C7A758C0003A65C;
			productRefGroup = 7ACB9E191C7A758C0003A65C /* Products */;
			projectDirPath = "";
			projectRoot = "";
			targets = (
				7ACB9E171C7A758C0003A65C /* Kaligrid-beta */,
			);
		};
/* End PBXProject section */

/* Begin PBXResourcesBuildPhase section */
		7ACB9E161C7A758C0003A65C /* Resources */ = {
			isa = PBXResourcesBuildPhase;
			buildActionMask = 2147483647;
			files = (
				7A6B5B531CA4D6D5009ED9DE /* icon_pic_blue.png in Resources */,
				7A2C0ECC1CA8D4870099E85B /* icon_bottom_friends.png in Resources */,
				7AEE52CD1CC2C12300348C4D /* Facebook in Resources */,
				7AB180671C9DEFDD00FDCD91 /* Main.storyboard in Resources */,
				7A713CE21C83EE200074D0C6 /* login_google.png in Resources */,
				7A2C0ECB1CA8D4870099E85B /* icon_bottom_friends_selected.png in Resources */,
				7A6B5B4F1CA4D6D5009ED9DE /* icon_new_event.png in Resources */,
				7A6B5B4B1CA4D6D5009ED9DE /* icon_location_blue.png in Resources */,
				7A6B5B4A1CA4D6D5009ED9DE /* icon_add_cancel.png in Resources */,
				7A2C0ECF1CA8D4870099E85B /* icon_bottom_kali_selected.png in Resources */,
				7A2C0ED21CA8D4870099E85B /* icon_bottom_list.png in Resources */,
				7A6B5B511CA4D6D5009ED9DE /* icon_new_reminder.png in Resources */,
				7A2C0ECD1CA8D4870099E85B /* icon_bottom_grid_selected.png in Resources */,
				7A5824151CAB71F600B7C886 /* icon_front_event.png in Resources */,
				7A2C0ED31CA8D4870099E85B /* icon_bottom_me_selected.png in Resources */,
				7A2C0ED51CA8D4870099E85B /* Kaligrid.png in Resources */,
				7A2C0ECE1CA8D4870099E85B /* icon_bottom_grid.png in Resources */,
				7A713CE11C83EE200074D0C6 /* login_facebook.png in Resources */,
				7A6B5B551CA4D6D5009ED9DE /* icon_pic_red.png in Resources */,
				7A6B5B4C1CA4D6D5009ED9DE /* icon_location_orange.png in Resources */,
				7A2C0ED41CA8D4870099E85B /* icon_bottom_me.png in Resources */,
				7A6B5B4D1CA4D6D5009ED9DE /* icon_location_red.png in Resources */,
				7ACB9E281C7A758C0003A65C /* LaunchScreen.storyboard in Resources */,
				7A6B5B4E1CA4D6D5009ED9DE /* icon_new_cancel.png in Resources */,
				7A6B5B541CA4D6D5009ED9DE /* icon_pic_orange.png in Resources */,
				7AEE52CC1CC2C12300348C4D /* Aws in Resources */,
				7A2C0ED01CA8D4870099E85B /* icon_bottom_kali.png in Resources */,
				7ACB9E251C7A758C0003A65C /* Assets.xcassets in Resources */,
				7A2C0ED11CA8D4870099E85B /* icon_bottom_list_selected.png in Resources */,
				7A6B5B521CA4D6D5009ED9DE /* icon_new.png in Resources */,
				7A6B5B501CA4D6D5009ED9DE /* icon_new_fyi.png in Resources */,
				7AEE52CE1CC2C12300348C4D /* Google in Resources */,
			);
			runOnlyForDeploymentPostprocessing = 0;
		};
/* End PBXResourcesBuildPhase section */

/* Begin PBXShellScriptBuildPhase section */
		D5C300155D2C4354DB742D05 /* Embed Pods Frameworks */ = {
			isa = PBXShellScriptBuildPhase;
			buildActionMask = 2147483647;
			files = (
			);
			inputPaths = (
			);
			name = "Embed Pods Frameworks";
			outputPaths = (
			);
			runOnlyForDeploymentPostprocessing = 0;
			shellPath = /bin/sh;
			shellScript = "\"${SRCROOT}/Pods/Target Support Files/Pods-Kaligrid-beta/Pods-Kaligrid-beta-frameworks.sh\"\n";
			showEnvVarsInLog = 0;
		};
		E33F7FF7EA50E56E7E649209 /* Copy Pods Resources */ = {
			isa = PBXShellScriptBuildPhase;
			buildActionMask = 2147483647;
			files = (
			);
			inputPaths = (
			);
			name = "Copy Pods Resources";
			outputPaths = (
			);
			runOnlyForDeploymentPostprocessing = 0;
			shellPath = /bin/sh;
			shellScript = "\"${SRCROOT}/Pods/Target Support Files/Pods-Kaligrid-beta/Pods-Kaligrid-beta-resources.sh\"\n";
			showEnvVarsInLog = 0;
		};
		E5C85DBF97C353D14E2E0307 /* Check Pods Manifest.lock */ = {
			isa = PBXShellScriptBuildPhase;
			buildActionMask = 2147483647;
			files = (
			);
			inputPaths = (
			);
			name = "Check Pods Manifest.lock";
			outputPaths = (
			);
			runOnlyForDeploymentPostprocessing = 0;
			shellPath = /bin/sh;
			shellScript = "diff \"${PODS_ROOT}/../Podfile.lock\" \"${PODS_ROOT}/Manifest.lock\" > /dev/null\nif [[ $? != 0 ]] ; then\n    cat << EOM\nerror: The sandbox is not in sync with the Podfile.lock. Run 'pod install' or update your CocoaPods installation.\nEOM\n    exit 1\nfi\n";
			showEnvVarsInLog = 0;
		};
/* End PBXShellScriptBuildPhase section */

/* Begin PBXSourcesBuildPhase section */
		7ACB9E141C7A758C0003A65C /* Sources */ = {
			isa = PBXSourcesBuildPhase;
			buildActionMask = 2147483647;
			files = (
				7A5824121CAB6B1200B7C886 /* BasicCell.swift in Sources */,
				7AF00BA91C800D0E00FB22E3 /* TabbarViewController.swift in Sources */,
				7A6B5B5B1CA5DDDC009ED9DE /* EventTypeViewController.swift in Sources */,
				7AB1805E1C9D7A5D00FDCD91 /* DynamoDBManager.swift in Sources */,
				7A8CD8F91C7D53C400D462C8 /* FourthViewController.swift in Sources */,
				7A8CD8F51C7D4E4300D462C8 /* LogInViewController.swift in Sources */,
				7ACB9E201C7A758C0003A65C /* SecondViewController.swift in Sources */,
				7A8CD8F71C7D53B100D462C8 /* ThirdViewController.swift in Sources */,
				7AEE52D11CC2C19600348C4D /* AWSMobileClient.swift in Sources */,
				7A7F72481C89356000B7DC29 /* NewEventViewController.swift in Sources */,
				7ACB9E1C1C7A758C0003A65C /* AppDelegate.swift in Sources */,
				7AB1805B1C9D5F5500FDCD91 /* DynamoDBConstants.swift in Sources */,
				7A3033801C9E20E7009DC957 /* PrivacySettingTableViewController.swift in Sources */,
				7A9FAA681C8FD0BC007CF78D /* AccountSettingsViewController.swift in Sources */,
				7AB180601C9DEDB800FDCD91 /* SettingUITableViewController.swift in Sources */,
				7A7F724A1C89385C00B7DC29 /* DateTableViewController.swift in Sources */,
				7ACB9E1E1C7A758C0003A65C /* FirstViewController.swift in Sources */,
				7A8CD8FB1C7D53D500D462C8 /* FifthViewController.swift in Sources */,
			);
			runOnlyForDeploymentPostprocessing = 0;
		};
/* End PBXSourcesBuildPhase section */

/* Begin PBXVariantGroup section */
		7AB180651C9DEFDD00FDCD91 /* Main.storyboard */ = {
			isa = PBXVariantGroup;
			children = (
				7AB180661C9DEFDD00FDCD91 /* Base */,
			);
			name = Main.storyboard;
			sourceTree = "<group>";
		};
		7ACB9E261C7A758C0003A65C /* LaunchScreen.storyboard */ = {
			isa = PBXVariantGroup;
			children = (
				7ACB9E271C7A758C0003A65C /* Base */,
			);
			name = LaunchScreen.storyboard;
			sourceTree = "<group>";
		};
/* End PBXVariantGroup section */

/* Begin XCBuildConfiguration section */
		7ACB9E2A1C7A758C0003A65C /* Debug */ = {
			isa = XCBuildConfiguration;
			buildSettings = {
				ALWAYS_SEARCH_USER_PATHS = NO;
				CLANG_ANALYZER_NONNULL = YES;
				CLANG_CXX_LANGUAGE_STANDARD = "gnu++0x";
				CLANG_CXX_LIBRARY = "libc++";
				CLANG_ENABLE_MODULES = YES;
				CLANG_ENABLE_OBJC_ARC = YES;
				CLANG_WARN_BOOL_CONVERSION = YES;
				CLANG_WARN_CONSTANT_CONVERSION = YES;
				CLANG_WARN_DIRECT_OBJC_ISA_USAGE = YES_ERROR;
				CLANG_WARN_EMPTY_BODY = YES;
				CLANG_WARN_ENUM_CONVERSION = YES;
				CLANG_WARN_INT_CONVERSION = YES;
				CLANG_WARN_OBJC_ROOT_CLASS = YES_ERROR;
				CLANG_WARN_UNREACHABLE_CODE = YES;
				CLANG_WARN__DUPLICATE_METHOD_MATCH = YES;
				"CODE_SIGN_IDENTITY[sdk=iphoneos*]" = "iPhone Developer";
				COPY_PHASE_STRIP = NO;
				DEBUG_INFORMATION_FORMAT = dwarf;
				ENABLE_STRICT_OBJC_MSGSEND = YES;
				ENABLE_TESTABILITY = YES;
				GCC_C_LANGUAGE_STANDARD = gnu99;
				GCC_DYNAMIC_NO_PIC = NO;
				GCC_NO_COMMON_BLOCKS = YES;
				GCC_OPTIMIZATION_LEVEL = 0;
				GCC_PREPROCESSOR_DEFINITIONS = (
					"DEBUG=1",
					"$(inherited)",
				);
				GCC_WARN_64_TO_32_BIT_CONVERSION = YES;
				GCC_WARN_ABOUT_RETURN_TYPE = YES_ERROR;
				GCC_WARN_UNDECLARED_SELECTOR = YES;
				GCC_WARN_UNINITIALIZED_AUTOS = YES_AGGRESSIVE;
				GCC_WARN_UNUSED_FUNCTION = YES;
				GCC_WARN_UNUSED_VARIABLE = YES;
				IPHONEOS_DEPLOYMENT_TARGET = 9.3;
				MTL_ENABLE_DEBUG_INFO = YES;
				ONLY_ACTIVE_ARCH = YES;
				SDKROOT = iphoneos;
				SWIFT_OPTIMIZATION_LEVEL = "-Onone";
			};
			name = Debug;
		};
		7ACB9E2B1C7A758C0003A65C /* Release */ = {
			isa = XCBuildConfiguration;
			buildSettings = {
				ALWAYS_SEARCH_USER_PATHS = NO;
				CLANG_ANALYZER_NONNULL = YES;
				CLANG_CXX_LANGUAGE_STANDARD = "gnu++0x";
				CLANG_CXX_LIBRARY = "libc++";
				CLANG_ENABLE_MODULES = YES;
				CLANG_ENABLE_OBJC_ARC = YES;
				CLANG_WARN_BOOL_CONVERSION = YES;
				CLANG_WARN_CONSTANT_CONVERSION = YES;
				CLANG_WARN_DIRECT_OBJC_ISA_USAGE = YES_ERROR;
				CLANG_WARN_EMPTY_BODY = YES;
				CLANG_WARN_ENUM_CONVERSION = YES;
				CLANG_WARN_INT_CONVERSION = YES;
				CLANG_WARN_OBJC_ROOT_CLASS = YES_ERROR;
				CLANG_WARN_UNREACHABLE_CODE = YES;
				CLANG_WARN__DUPLICATE_METHOD_MATCH = YES;
				"CODE_SIGN_IDENTITY[sdk=iphoneos*]" = "iPhone Developer";
				COPY_PHASE_STRIP = NO;
				DEBUG_INFORMATION_FORMAT = "dwarf-with-dsym";
				ENABLE_NS_ASSERTIONS = NO;
				ENABLE_STRICT_OBJC_MSGSEND = YES;
				GCC_C_LANGUAGE_STANDARD = gnu99;
				GCC_NO_COMMON_BLOCKS = YES;
				GCC_WARN_64_TO_32_BIT_CONVERSION = YES;
				GCC_WARN_ABOUT_RETURN_TYPE = YES_ERROR;
				GCC_WARN_UNDECLARED_SELECTOR = YES;
				GCC_WARN_UNINITIALIZED_AUTOS = YES_AGGRESSIVE;
				GCC_WARN_UNUSED_FUNCTION = YES;
				GCC_WARN_UNUSED_VARIABLE = YES;
				IPHONEOS_DEPLOYMENT_TARGET = 9.3;
				MTL_ENABLE_DEBUG_INFO = NO;
				SDKROOT = iphoneos;
				VALIDATE_PRODUCT = YES;
			};
			name = Release;
		};
		7ACB9E2D1C7A758C0003A65C /* Debug */ = {
			isa = XCBuildConfiguration;
			baseConfigurationReference = 5FF018EEB159018DB9D1A7DE /* Pods-Kaligrid-beta.debug.xcconfig */;
			buildSettings = {
				ASSETCATALOG_COMPILER_APPICON_NAME = AppIcon;
				FRAMEWORK_SEARCH_PATHS = (
					"$(inherited)",
					"$(PROJECT_DIR)/Kaligrid-beta/Sdk/Aws",
					"$(PROJECT_DIR)/Kaligrid-beta/Sdk/Aws/extras",
					"$(PROJECT_DIR)/Kaligrid-beta/Sdk/Google",
					"$(PROJECT_DIR)/Kaligrid-beta/Framework/Aws",
					"$(PROJECT_DIR)/Kaligrid-beta/Framework/Aws/extras",
					"$(PROJECT_DIR)/Kaligrid-beta/Framework/Google",
					"$(PROJECT_DIR)/AWS",
					SDK,
					"$(PROJECT_DIR)/Kaligrid-beta/AmazonAws",
					"$(PROJECT_DIR)/Kaligrid-beta/Sdk/Facebook",
				);
				INFOPLIST_FILE = "Kaligrid-beta/Info.plist";
				LD_RUNPATH_SEARCH_PATHS = "$(inherited) @executable_path/Frameworks";
				OTHER_LDFLAGS = (
					"-force_load",
					"$(PROJECT_DIR)/Kaligrid-beta/Sdk/Google/GoogleSignIn.framework/GoogleSignIn",
				);
				PRODUCT_BUNDLE_IDENTIFIER = "com.appfish.Kaligrid-beta";
				PRODUCT_NAME = "$(TARGET_NAME)";
				SWIFT_OBJC_BRIDGING_HEADER = "/Users/kaligrid/Documents/Kaligrid-beta/Kaligrid-beta/AmazonAws/Kaligrid-beta-Bridging-Header.h";
			};
			name = Debug;
		};
		7ACB9E2E1C7A758C0003A65C /* Release */ = {
			isa = XCBuildConfiguration;
			baseConfigurationReference = 67E5BDC790ED173AF248359D /* Pods-Kaligrid-beta.release.xcconfig */;
			buildSettings = {
				ASSETCATALOG_COMPILER_APPICON_NAME = AppIcon;
				FRAMEWORK_SEARCH_PATHS = (
					"$(inherited)",
					"$(PROJECT_DIR)/Kaligrid-beta/Sdk/Aws",
					"$(PROJECT_DIR)/Kaligrid-beta/Sdk/Aws/extras",
					"$(PROJECT_DIR)/Kaligrid-beta/Sdk/Google",
					"$(PROJECT_DIR)/Kaligrid-beta/Framework/Aws",
					"$(PROJECT_DIR)/Kaligrid-beta/Framework/Aws/extras",
					"$(PROJECT_DIR)/Kaligrid-beta/Framework/Google",
					"$(PROJECT_DIR)/AWS",
					SDK,
					"$(PROJECT_DIR)/Kaligrid-beta/AmazonAws",
					"$(PROJECT_DIR)/Kaligrid-beta/Sdk/Facebook",
				);
				INFOPLIST_FILE = "Kaligrid-beta/Info.plist";
				LD_RUNPATH_SEARCH_PATHS = "$(inherited) @executable_path/Frameworks";
				OTHER_LDFLAGS = (
					"-force_load",
					"$(PROJECT_DIR)/Kaligrid-beta/Sdk/Google/GoogleSignIn.framework/GoogleSignIn",
				);
				PRODUCT_BUNDLE_IDENTIFIER = "com.appfish.Kaligrid-beta";
				PRODUCT_NAME = "$(TARGET_NAME)";
				SWIFT_OBJC_BRIDGING_HEADER = "/Users/kaligrid/Documents/Kaligrid-beta/Kaligrid-beta/AmazonAws/Kaligrid-beta-Bridging-Header.h";
			};
			name = Release;
		};
/* End XCBuildConfiguration section */

/* Begin XCConfigurationList section */
		7ACB9E131C7A758C0003A65C /* Build configuration list for PBXProject "Kaligrid-beta" */ = {
			isa = XCConfigurationList;
			buildConfigurations = (
				7ACB9E2A1C7A758C0003A65C /* Debug */,
				7ACB9E2B1C7A758C0003A65C /* Release */,
			);
			defaultConfigurationIsVisible = 0;
			defaultConfigurationName = Release;
		};
		7ACB9E2C1C7A758C0003A65C /* Build configuration list for PBXNativeTarget "Kaligrid-beta" */ = {
			isa = XCConfigurationList;
			buildConfigurations = (
				7ACB9E2D1C7A758C0003A65C /* Debug */,
				7ACB9E2E1C7A758C0003A65C /* Release */,
			);
			defaultConfigurationIsVisible = 0;
			defaultConfigurationName = Release;
		};
/* End XCConfigurationList section */
	};
	rootObject = 7ACB9E101C7A758C0003A65C /* Project object */;
}
