// !$*UTF8*$!
{
	archiveVersion = 1;
	classes = {
	};
	objectVersion = 46;
	objects = {

/* Begin PBXBuildFile section */
		2810EAB9C753D6417C050D86 /* Pods_Kaligrid_beta.framework in Frameworks */ = {isa = PBXBuildFile; fileRef = 9EC5EBDDBB4380249870EA3A /* Pods_Kaligrid_beta.framework */; };
		7A06A0081C852F2000318ED0 /* StoreKit.framework in Frameworks */ = {isa = PBXBuildFile; fileRef = 7A06A0071C852F2000318ED0 /* StoreKit.framework */; };
		7A06A00A1C852F3300318ED0 /* AddressBook.framework in Frameworks */ = {isa = PBXBuildFile; fileRef = 7A06A0091C852F3300318ED0 /* AddressBook.framework */; };
		7A06A00C1C852F3F00318ED0 /* SystemConfiguration.framework in Frameworks */ = {isa = PBXBuildFile; fileRef = 7A06A00B1C852F3F00318ED0 /* SystemConfiguration.framework */; };
		7A072FD71C85074F009CD798 /* AWSMobileClient.m in Sources */ = {isa = PBXBuildFile; fileRef = 7A072FC31C85074F009CD798 /* AWSMobileClient.m */; };
		7A072FD81C85074F009CD798 /* AWSContentManager.m in Sources */ = {isa = PBXBuildFile; fileRef = 7A072FC61C85074F009CD798 /* AWSContentManager.m */; };
		7A072FD91C85074F009CD798 /* AWSIdentityManager.m in Sources */ = {isa = PBXBuildFile; fileRef = 7A072FCA1C85074F009CD798 /* AWSIdentityManager.m */; };
		7A072FDA1C85074F009CD798 /* AWSGoogleSignInProvider.m in Sources */ = {isa = PBXBuildFile; fileRef = 7A072FCD1C85074F009CD798 /* AWSGoogleSignInProvider.m */; };
		7A072FDB1C85074F009CD798 /* Localizable.strings in Resources */ = {isa = PBXBuildFile; fileRef = 7A072FCF1C85074F009CD798 /* Localizable.strings */; };
		7A072FDC1C85074F009CD798 /* AWSUserFileManager.m in Sources */ = {isa = PBXBuildFile; fileRef = 7A072FD31C85074F009CD798 /* AWSUserFileManager.m */; };
		7A072FDD1C85074F009CD798 /* AWSTask+CheckExceptions.m in Sources */ = {isa = PBXBuildFile; fileRef = 7A072FD61C85074F009CD798 /* AWSTask+CheckExceptions.m */; };
		7A52A44C1C86A5C100CAC30A /* Foundation.framework in Frameworks */ = {isa = PBXBuildFile; fileRef = 7A52A44B1C86A5C100CAC30A /* Foundation.framework */; };
		7A52A44E1C86A5D200CAC30A /* UIKit.framework in Frameworks */ = {isa = PBXBuildFile; fileRef = 7A52A44D1C86A5D200CAC30A /* UIKit.framework */; };
		7A52A4501C86A5EA00CAC30A /* CoreLocation.framework in Frameworks */ = {isa = PBXBuildFile; fileRef = 7A52A44F1C86A5EA00CAC30A /* CoreLocation.framework */; };
		7A52A4521C86A5F900CAC30A /* CoreMotion.framework in Frameworks */ = {isa = PBXBuildFile; fileRef = 7A52A4511C86A5F900CAC30A /* CoreMotion.framework */; };
		7A52A4541C86A60600CAC30A /* Security.framework in Frameworks */ = {isa = PBXBuildFile; fileRef = 7A52A4531C86A60600CAC30A /* Security.framework */; };
		7A52A4561C86A61400CAC30A /* MediaPlayer.framework in Frameworks */ = {isa = PBXBuildFile; fileRef = 7A52A4551C86A61400CAC30A /* MediaPlayer.framework */; };
		7A52A4581C86A62300CAC30A /* AssetsLibrary.framework in Frameworks */ = {isa = PBXBuildFile; fileRef = 7A52A4571C86A62300CAC30A /* AssetsLibrary.framework */; };
		7A713CE11C83EE200074D0C6 /* login_facebook.png in Resources */ = {isa = PBXBuildFile; fileRef = 7A713CDF1C83EE200074D0C6 /* login_facebook.png */; };
		7A713CE21C83EE200074D0C6 /* login_google.png in Resources */ = {isa = PBXBuildFile; fileRef = 7A713CE01C83EE200074D0C6 /* login_google.png */; };
		7A713CE51C83F3FF0074D0C6 /* button_float_add_whole.png in Resources */ = {isa = PBXBuildFile; fileRef = 7A713CE41C83F3FF0074D0C6 /* button_float_add_whole.png */; };
		7A7F72481C89356000B7DC29 /* NewEventViewController.swift in Sources */ = {isa = PBXBuildFile; fileRef = 7A7F72471C89356000B7DC29 /* NewEventViewController.swift */; };
		7A7F724A1C89385C00B7DC29 /* DateTableViewController.swift in Sources */ = {isa = PBXBuildFile; fileRef = 7A7F72491C89385C00B7DC29 /* DateTableViewController.swift */; };
		7A8CD8F51C7D4E4300D462C8 /* LogInViewController.swift in Sources */ = {isa = PBXBuildFile; fileRef = 7A8CD8F41C7D4E4300D462C8 /* LogInViewController.swift */; };
		7A8CD8F71C7D53B100D462C8 /* ThirdViewController.swift in Sources */ = {isa = PBXBuildFile; fileRef = 7A8CD8F61C7D53B100D462C8 /* ThirdViewController.swift */; };
		7A8CD8F91C7D53C400D462C8 /* FourthViewController.swift in Sources */ = {isa = PBXBuildFile; fileRef = 7A8CD8F81C7D53C400D462C8 /* FourthViewController.swift */; };
		7A8CD8FB1C7D53D500D462C8 /* FifthViewController.swift in Sources */ = {isa = PBXBuildFile; fileRef = 7A8CD8FA1C7D53D500D462C8 /* FifthViewController.swift */; };
		7A8CD9161C7D613600D462C8 /* icon_bottom_friends_selected.png in Resources */ = {isa = PBXBuildFile; fileRef = 7A8CD9071C7D613600D462C8 /* icon_bottom_friends_selected.png */; };
		7A8CD9171C7D613600D462C8 /* icon_bottom_friends_selected@2x.png in Resources */ = {isa = PBXBuildFile; fileRef = 7A8CD9081C7D613600D462C8 /* icon_bottom_friends_selected@2x.png */; };
		7A8CD9181C7D613600D462C8 /* icon_bottom_friends_selected@3x.png in Resources */ = {isa = PBXBuildFile; fileRef = 7A8CD9091C7D613600D462C8 /* icon_bottom_friends_selected@3x.png */; };
		7A8CD9191C7D613600D462C8 /* icon_bottom_grid_selected.png in Resources */ = {isa = PBXBuildFile; fileRef = 7A8CD90A1C7D613600D462C8 /* icon_bottom_grid_selected.png */; };
		7A8CD91A1C7D613600D462C8 /* icon_bottom_grid_selected@2x.png in Resources */ = {isa = PBXBuildFile; fileRef = 7A8CD90B1C7D613600D462C8 /* icon_bottom_grid_selected@2x.png */; };
		7A8CD91B1C7D613600D462C8 /* icon_bottom_grid_selected@3x.png in Resources */ = {isa = PBXBuildFile; fileRef = 7A8CD90C1C7D613600D462C8 /* icon_bottom_grid_selected@3x.png */; };
		7A8CD91C1C7D613600D462C8 /* icon_bottom_kali_selected.png in Resources */ = {isa = PBXBuildFile; fileRef = 7A8CD90D1C7D613600D462C8 /* icon_bottom_kali_selected.png */; };
		7A8CD91D1C7D613600D462C8 /* icon_bottom_kali_selected@2x.png in Resources */ = {isa = PBXBuildFile; fileRef = 7A8CD90E1C7D613600D462C8 /* icon_bottom_kali_selected@2x.png */; };
		7A8CD91E1C7D613600D462C8 /* icon_bottom_kali_selected@3x.png in Resources */ = {isa = PBXBuildFile; fileRef = 7A8CD90F1C7D613600D462C8 /* icon_bottom_kali_selected@3x.png */; };
		7A8CD91F1C7D613600D462C8 /* icon_bottom_list_selected.png in Resources */ = {isa = PBXBuildFile; fileRef = 7A8CD9101C7D613600D462C8 /* icon_bottom_list_selected.png */; };
		7A8CD9201C7D613600D462C8 /* icon_bottom_list_selected@2x.png in Resources */ = {isa = PBXBuildFile; fileRef = 7A8CD9111C7D613600D462C8 /* icon_bottom_list_selected@2x.png */; };
		7A8CD9211C7D613600D462C8 /* icon_bottom_list_selected@3x.png in Resources */ = {isa = PBXBuildFile; fileRef = 7A8CD9121C7D613600D462C8 /* icon_bottom_list_selected@3x.png */; };
		7A8CD9221C7D613600D462C8 /* icon_bottom_me_selected.png in Resources */ = {isa = PBXBuildFile; fileRef = 7A8CD9131C7D613600D462C8 /* icon_bottom_me_selected.png */; };
		7A8CD9231C7D613600D462C8 /* icon_bottom_me_selected@2x.png in Resources */ = {isa = PBXBuildFile; fileRef = 7A8CD9141C7D613600D462C8 /* icon_bottom_me_selected@2x.png */; };
		7A8CD9241C7D613600D462C8 /* icon_bottom_me_selected@3x.png in Resources */ = {isa = PBXBuildFile; fileRef = 7A8CD9151C7D613600D462C8 /* icon_bottom_me_selected@3x.png */; };
		7A9FAA5E1C8FB1D6007CF78D /* FSCalendar.framework in Frameworks */ = {isa = PBXBuildFile; fileRef = 7A9FAA5D1C8FB1D6007CF78D /* FSCalendar.framework */; };
		7A9FAA681C8FD0BC007CF78D /* AccountSettingsViewController.swift in Sources */ = {isa = PBXBuildFile; fileRef = 7A9FAA671C8FD0BC007CF78D /* AccountSettingsViewController.swift */; };
		7ACB9E1C1C7A758C0003A65C /* AppDelegate.swift in Sources */ = {isa = PBXBuildFile; fileRef = 7ACB9E1B1C7A758C0003A65C /* AppDelegate.swift */; };
		7ACB9E1E1C7A758C0003A65C /* FirstViewController.swift in Sources */ = {isa = PBXBuildFile; fileRef = 7ACB9E1D1C7A758C0003A65C /* FirstViewController.swift */; };
		7ACB9E201C7A758C0003A65C /* SecondViewController.swift in Sources */ = {isa = PBXBuildFile; fileRef = 7ACB9E1F1C7A758C0003A65C /* SecondViewController.swift */; };
		7ACB9E231C7A758C0003A65C /* Main.storyboard in Resources */ = {isa = PBXBuildFile; fileRef = 7ACB9E211C7A758C0003A65C /* Main.storyboard */; };
		7ACB9E251C7A758C0003A65C /* Assets.xcassets in Resources */ = {isa = PBXBuildFile; fileRef = 7ACB9E241C7A758C0003A65C /* Assets.xcassets */; };
		7ACB9E281C7A758C0003A65C /* LaunchScreen.storyboard in Resources */ = {isa = PBXBuildFile; fileRef = 7ACB9E261C7A758C0003A65C /* LaunchScreen.storyboard */; };
		7AF00B991C7FF5DF00FB22E3 /* icon_bottom_friends.png in Resources */ = {isa = PBXBuildFile; fileRef = 7AF00B8A1C7FF5DF00FB22E3 /* icon_bottom_friends.png */; };
		7AF00B9A1C7FF5DF00FB22E3 /* icon_bottom_friends@2x.png in Resources */ = {isa = PBXBuildFile; fileRef = 7AF00B8B1C7FF5DF00FB22E3 /* icon_bottom_friends@2x.png */; };
		7AF00B9B1C7FF5DF00FB22E3 /* icon_bottom_friends@3x.png in Resources */ = {isa = PBXBuildFile; fileRef = 7AF00B8C1C7FF5DF00FB22E3 /* icon_bottom_friends@3x.png */; };
		7AF00B9C1C7FF5DF00FB22E3 /* icon_bottom_grid.png in Resources */ = {isa = PBXBuildFile; fileRef = 7AF00B8D1C7FF5DF00FB22E3 /* icon_bottom_grid.png */; };
		7AF00B9D1C7FF5DF00FB22E3 /* icon_bottom_grid@2x.png in Resources */ = {isa = PBXBuildFile; fileRef = 7AF00B8E1C7FF5DF00FB22E3 /* icon_bottom_grid@2x.png */; };
		7AF00B9E1C7FF5DF00FB22E3 /* icon_bottom_grid@3x.png in Resources */ = {isa = PBXBuildFile; fileRef = 7AF00B8F1C7FF5DF00FB22E3 /* icon_bottom_grid@3x.png */; };
		7AF00B9F1C7FF5DF00FB22E3 /* icon_bottom_kali.png in Resources */ = {isa = PBXBuildFile; fileRef = 7AF00B901C7FF5DF00FB22E3 /* icon_bottom_kali.png */; };
		7AF00BA01C7FF5DF00FB22E3 /* icon_bottom_kali@2x.png in Resources */ = {isa = PBXBuildFile; fileRef = 7AF00B911C7FF5DF00FB22E3 /* icon_bottom_kali@2x.png */; };
		7AF00BA11C7FF5DF00FB22E3 /* icon_bottom_kali@3x.png in Resources */ = {isa = PBXBuildFile; fileRef = 7AF00B921C7FF5DF00FB22E3 /* icon_bottom_kali@3x.png */; };
		7AF00BA21C7FF5DF00FB22E3 /* icon_bottom_list.png in Resources */ = {isa = PBXBuildFile; fileRef = 7AF00B931C7FF5DF00FB22E3 /* icon_bottom_list.png */; };
		7AF00BA31C7FF5DF00FB22E3 /* icon_bottom_list@2x.png in Resources */ = {isa = PBXBuildFile; fileRef = 7AF00B941C7FF5DF00FB22E3 /* icon_bottom_list@2x.png */; };
		7AF00BA41C7FF5DF00FB22E3 /* icon_bottom_list@3x.png in Resources */ = {isa = PBXBuildFile; fileRef = 7AF00B951C7FF5DF00FB22E3 /* icon_bottom_list@3x.png */; };
		7AF00BA51C7FF5DF00FB22E3 /* icon_bottom_me.png in Resources */ = {isa = PBXBuildFile; fileRef = 7AF00B961C7FF5DF00FB22E3 /* icon_bottom_me.png */; };
		7AF00BA61C7FF5DF00FB22E3 /* icon_bottom_me@2x.png in Resources */ = {isa = PBXBuildFile; fileRef = 7AF00B971C7FF5DF00FB22E3 /* icon_bottom_me@2x.png */; };
		7AF00BA71C7FF5DF00FB22E3 /* icon_bottom_me@3x.png in Resources */ = {isa = PBXBuildFile; fileRef = 7AF00B981C7FF5DF00FB22E3 /* icon_bottom_me@3x.png */; };
		7AF00BA91C800D0E00FB22E3 /* TabbarViewController.swift in Sources */ = {isa = PBXBuildFile; fileRef = 7AF00BA81C800D0E00FB22E3 /* TabbarViewController.swift */; };
		7AF9F3711C852AE600F14B38 /* AWSCore.framework in Frameworks */ = {isa = PBXBuildFile; fileRef = 7AF9F3661C852AE600F14B38 /* AWSCore.framework */; };
		7AF9F3721C852AE600F14B38 /* AWSMobileAnalytics.framework in Frameworks */ = {isa = PBXBuildFile; fileRef = 7AF9F3671C852AE600F14B38 /* AWSMobileAnalytics.framework */; };
		7AF9F3731C852AE600F14B38 /* AWSS3.framework in Frameworks */ = {isa = PBXBuildFile; fileRef = 7AF9F3681C852AE600F14B38 /* AWSS3.framework */; };
		7AF9F3741C852AE600F14B38 /* Amazon Software License.txt in Resources */ = {isa = PBXBuildFile; fileRef = 7AF9F36A1C852AE600F14B38 /* Amazon Software License.txt */; };
		7AF9F3751C852AE600F14B38 /* AWSCognito.framework in Frameworks */ = {isa = PBXBuildFile; fileRef = 7AF9F36B1C852AE600F14B38 /* AWSCognito.framework */; };
		7AF9F3761C852AE600F14B38 /* NOTICE in Resources */ = {isa = PBXBuildFile; fileRef = 7AF9F36C1C852AE600F14B38 /* NOTICE */; };
		7AF9F3771C852AE600F14B38 /* CheckXcodeVersion.sh in Resources */ = {isa = PBXBuildFile; fileRef = 7AF9F36D1C852AE600F14B38 /* CheckXcodeVersion.sh */; };
		7AF9F3781C852AE600F14B38 /* GoogleSignIn.bundle in Resources */ = {isa = PBXBuildFile; fileRef = 7AF9F36F1C852AE600F14B38 /* GoogleSignIn.bundle */; };
		7AF9F3791C852AE600F14B38 /* GoogleSignIn.framework in Frameworks */ = {isa = PBXBuildFile; fileRef = 7AF9F3701C852AE600F14B38 /* GoogleSignIn.framework */; };
/* End PBXBuildFile section */

/* Begin PBXFileReference section */
		5FF018EEB159018DB9D1A7DE /* Pods-Kaligrid-beta.debug.xcconfig */ = {isa = PBXFileReference; includeInIndex = 1; lastKnownFileType = text.xcconfig; name = "Pods-Kaligrid-beta.debug.xcconfig"; path = "Pods/Target Support Files/Pods-Kaligrid-beta/Pods-Kaligrid-beta.debug.xcconfig"; sourceTree = "<group>"; };
		67E5BDC790ED173AF248359D /* Pods-Kaligrid-beta.release.xcconfig */ = {isa = PBXFileReference; includeInIndex = 1; lastKnownFileType = text.xcconfig; name = "Pods-Kaligrid-beta.release.xcconfig"; path = "Pods/Target Support Files/Pods-Kaligrid-beta/Pods-Kaligrid-beta.release.xcconfig"; sourceTree = "<group>"; };
		7A06A0071C852F2000318ED0 /* StoreKit.framework */ = {isa = PBXFileReference; lastKnownFileType = wrapper.framework; name = StoreKit.framework; path = System/Library/Frameworks/StoreKit.framework; sourceTree = SDKROOT; };
		7A06A0091C852F3300318ED0 /* AddressBook.framework */ = {isa = PBXFileReference; lastKnownFileType = wrapper.framework; name = AddressBook.framework; path = System/Library/Frameworks/AddressBook.framework; sourceTree = SDKROOT; };
		7A06A00B1C852F3F00318ED0 /* SystemConfiguration.framework */ = {isa = PBXFileReference; lastKnownFileType = wrapper.framework; name = SystemConfiguration.framework; path = System/Library/Frameworks/SystemConfiguration.framework; sourceTree = SDKROOT; };
		7A06A00D1C8533A400318ED0 /* Kaligrid-beta-Bridging-Header.h */ = {isa = PBXFileReference; lastKnownFileType = sourcecode.c.h; name = "Kaligrid-beta-Bridging-Header.h"; path = "AmazonAws/Kaligrid-beta-Bridging-Header.h"; sourceTree = "<group>"; };
		7A072FC11C85074F009CD798 /* AWSConfiguration.h */ = {isa = PBXFileReference; fileEncoding = 4; lastKnownFileType = sourcecode.c.h; path = AWSConfiguration.h; sourceTree = "<group>"; };
		7A072FC21C85074F009CD798 /* AWSMobileClient.h */ = {isa = PBXFileReference; fileEncoding = 4; lastKnownFileType = sourcecode.c.h; path = AWSMobileClient.h; sourceTree = "<group>"; };
		7A072FC31C85074F009CD798 /* AWSMobileClient.m */ = {isa = PBXFileReference; fileEncoding = 4; lastKnownFileType = sourcecode.c.objc; path = AWSMobileClient.m; sourceTree = "<group>"; };
		7A072FC51C85074F009CD798 /* AWSContentManager.h */ = {isa = PBXFileReference; fileEncoding = 4; lastKnownFileType = sourcecode.c.h; path = AWSContentManager.h; sourceTree = "<group>"; };
		7A072FC61C85074F009CD798 /* AWSContentManager.m */ = {isa = PBXFileReference; fileEncoding = 4; lastKnownFileType = sourcecode.c.objc; path = AWSContentManager.m; sourceTree = "<group>"; };
		7A072FC71C85074F009CD798 /* AWSCorePrivateHeader.h */ = {isa = PBXFileReference; fileEncoding = 4; lastKnownFileType = sourcecode.c.h; path = AWSCorePrivateHeader.h; sourceTree = "<group>"; };
		7A072FC91C85074F009CD798 /* AWSIdentityManager.h */ = {isa = PBXFileReference; fileEncoding = 4; lastKnownFileType = sourcecode.c.h; path = AWSIdentityManager.h; sourceTree = "<group>"; };
		7A072FCA1C85074F009CD798 /* AWSIdentityManager.m */ = {isa = PBXFileReference; fileEncoding = 4; lastKnownFileType = sourcecode.c.objc; path = AWSIdentityManager.m; sourceTree = "<group>"; };
		7A072FCC1C85074F009CD798 /* AWSGoogleSignInProvider.h */ = {isa = PBXFileReference; fileEncoding = 4; lastKnownFileType = sourcecode.c.h; path = AWSGoogleSignInProvider.h; sourceTree = "<group>"; };
		7A072FCD1C85074F009CD798 /* AWSGoogleSignInProvider.m */ = {isa = PBXFileReference; fileEncoding = 4; lastKnownFileType = sourcecode.c.objc; path = AWSGoogleSignInProvider.m; sourceTree = "<group>"; };
		7A072FCE1C85074F009CD798 /* AWSSignInProvider.h */ = {isa = PBXFileReference; fileEncoding = 4; lastKnownFileType = sourcecode.c.h; path = AWSSignInProvider.h; sourceTree = "<group>"; };
		7A072FD01C85074F009CD798 /* en */ = {isa = PBXFileReference; lastKnownFileType = text.plist.strings; name = en; path = en.lproj/Localizable.strings; sourceTree = "<group>"; };
		7A072FD21C85074F009CD798 /* AWSUserFileManager.h */ = {isa = PBXFileReference; fileEncoding = 4; lastKnownFileType = sourcecode.c.h; path = AWSUserFileManager.h; sourceTree = "<group>"; };
		7A072FD31C85074F009CD798 /* AWSUserFileManager.m */ = {isa = PBXFileReference; fileEncoding = 4; lastKnownFileType = sourcecode.c.objc; path = AWSUserFileManager.m; sourceTree = "<group>"; };
		7A072FD51C85074F009CD798 /* AWSTask+CheckExceptions.h */ = {isa = PBXFileReference; fileEncoding = 4; lastKnownFileType = sourcecode.c.h; path = "AWSTask+CheckExceptions.h"; sourceTree = "<group>"; };
		7A072FD61C85074F009CD798 /* AWSTask+CheckExceptions.m */ = {isa = PBXFileReference; fileEncoding = 4; lastKnownFileType = sourcecode.c.objc; path = "AWSTask+CheckExceptions.m"; sourceTree = "<group>"; };
		7A52A44B1C86A5C100CAC30A /* Foundation.framework */ = {isa = PBXFileReference; lastKnownFileType = wrapper.framework; name = Foundation.framework; path = System/Library/Frameworks/Foundation.framework; sourceTree = SDKROOT; };
		7A52A44D1C86A5D200CAC30A /* UIKit.framework */ = {isa = PBXFileReference; lastKnownFileType = wrapper.framework; name = UIKit.framework; path = System/Library/Frameworks/UIKit.framework; sourceTree = SDKROOT; };
		7A52A44F1C86A5EA00CAC30A /* CoreLocation.framework */ = {isa = PBXFileReference; lastKnownFileType = wrapper.framework; name = CoreLocation.framework; path = System/Library/Frameworks/CoreLocation.framework; sourceTree = SDKROOT; };
		7A52A4511C86A5F900CAC30A /* CoreMotion.framework */ = {isa = PBXFileReference; lastKnownFileType = wrapper.framework; name = CoreMotion.framework; path = System/Library/Frameworks/CoreMotion.framework; sourceTree = SDKROOT; };
		7A52A4531C86A60600CAC30A /* Security.framework */ = {isa = PBXFileReference; lastKnownFileType = wrapper.framework; name = Security.framework; path = System/Library/Frameworks/Security.framework; sourceTree = SDKROOT; };
		7A52A4551C86A61400CAC30A /* MediaPlayer.framework */ = {isa = PBXFileReference; lastKnownFileType = wrapper.framework; name = MediaPlayer.framework; path = System/Library/Frameworks/MediaPlayer.framework; sourceTree = SDKROOT; };
		7A52A4571C86A62300CAC30A /* AssetsLibrary.framework */ = {isa = PBXFileReference; lastKnownFileType = wrapper.framework; name = AssetsLibrary.framework; path = System/Library/Frameworks/AssetsLibrary.framework; sourceTree = SDKROOT; };
		7A713CDF1C83EE200074D0C6 /* login_facebook.png */ = {isa = PBXFileReference; lastKnownFileType = image.png; path = login_facebook.png; sourceTree = "<group>"; };
		7A713CE01C83EE200074D0C6 /* login_google.png */ = {isa = PBXFileReference; lastKnownFileType = image.png; path = login_google.png; sourceTree = "<group>"; };
		7A713CE41C83F3FF0074D0C6 /* button_float_add_whole.png */ = {isa = PBXFileReference; lastKnownFileType = image.png; path = button_float_add_whole.png; sourceTree = "<group>"; };
		7A7F72471C89356000B7DC29 /* NewEventViewController.swift */ = {isa = PBXFileReference; fileEncoding = 4; lastKnownFileType = sourcecode.swift; path = NewEventViewController.swift; sourceTree = "<group>"; };
		7A7F72491C89385C00B7DC29 /* DateTableViewController.swift */ = {isa = PBXFileReference; fileEncoding = 4; lastKnownFileType = sourcecode.swift; path = DateTableViewController.swift; sourceTree = "<group>"; };
		7A8CD8F41C7D4E4300D462C8 /* LogInViewController.swift */ = {isa = PBXFileReference; fileEncoding = 4; lastKnownFileType = sourcecode.swift; path = LogInViewController.swift; sourceTree = "<group>"; };
		7A8CD8F61C7D53B100D462C8 /* ThirdViewController.swift */ = {isa = PBXFileReference; fileEncoding = 4; lastKnownFileType = sourcecode.swift; path = ThirdViewController.swift; sourceTree = "<group>"; };
		7A8CD8F81C7D53C400D462C8 /* FourthViewController.swift */ = {isa = PBXFileReference; fileEncoding = 4; lastKnownFileType = sourcecode.swift; path = FourthViewController.swift; sourceTree = "<group>"; };
		7A8CD8FA1C7D53D500D462C8 /* FifthViewController.swift */ = {isa = PBXFileReference; fileEncoding = 4; lastKnownFileType = sourcecode.swift; path = FifthViewController.swift; sourceTree = "<group>"; };
		7A8CD9071C7D613600D462C8 /* icon_bottom_friends_selected.png */ = {isa = PBXFileReference; lastKnownFileType = image.png; path = icon_bottom_friends_selected.png; sourceTree = "<group>"; };
		7A8CD9081C7D613600D462C8 /* icon_bottom_friends_selected@2x.png */ = {isa = PBXFileReference; lastKnownFileType = image.png; path = "icon_bottom_friends_selected@2x.png"; sourceTree = "<group>"; };
		7A8CD9091C7D613600D462C8 /* icon_bottom_friends_selected@3x.png */ = {isa = PBXFileReference; lastKnownFileType = image.png; path = "icon_bottom_friends_selected@3x.png"; sourceTree = "<group>"; };
		7A8CD90A1C7D613600D462C8 /* icon_bottom_grid_selected.png */ = {isa = PBXFileReference; lastKnownFileType = image.png; path = icon_bottom_grid_selected.png; sourceTree = "<group>"; };
		7A8CD90B1C7D613600D462C8 /* icon_bottom_grid_selected@2x.png */ = {isa = PBXFileReference; lastKnownFileType = image.png; path = "icon_bottom_grid_selected@2x.png"; sourceTree = "<group>"; };
		7A8CD90C1C7D613600D462C8 /* icon_bottom_grid_selected@3x.png */ = {isa = PBXFileReference; lastKnownFileType = image.png; path = "icon_bottom_grid_selected@3x.png"; sourceTree = "<group>"; };
		7A8CD90D1C7D613600D462C8 /* icon_bottom_kali_selected.png */ = {isa = PBXFileReference; lastKnownFileType = image.png; path = icon_bottom_kali_selected.png; sourceTree = "<group>"; };
		7A8CD90E1C7D613600D462C8 /* icon_bottom_kali_selected@2x.png */ = {isa = PBXFileReference; lastKnownFileType = image.png; path = "icon_bottom_kali_selected@2x.png"; sourceTree = "<group>"; };
		7A8CD90F1C7D613600D462C8 /* icon_bottom_kali_selected@3x.png */ = {isa = PBXFileReference; lastKnownFileType = image.png; path = "icon_bottom_kali_selected@3x.png"; sourceTree = "<group>"; };
		7A8CD9101C7D613600D462C8 /* icon_bottom_list_selected.png */ = {isa = PBXFileReference; lastKnownFileType = image.png; path = icon_bottom_list_selected.png; sourceTree = "<group>"; };
		7A8CD9111C7D613600D462C8 /* icon_bottom_list_selected@2x.png */ = {isa = PBXFileReference; lastKnownFileType = image.png; path = "icon_bottom_list_selected@2x.png"; sourceTree = "<group>"; };
		7A8CD9121C7D613600D462C8 /* icon_bottom_list_selected@3x.png */ = {isa = PBXFileReference; lastKnownFileType = image.png; path = "icon_bottom_list_selected@3x.png"; sourceTree = "<group>"; };
		7A8CD9131C7D613600D462C8 /* icon_bottom_me_selected.png */ = {isa = PBXFileReference; lastKnownFileType = image.png; path = icon_bottom_me_selected.png; sourceTree = "<group>"; };
		7A8CD9141C7D613600D462C8 /* icon_bottom_me_selected@2x.png */ = {isa = PBXFileReference; lastKnownFileType = image.png; path = "icon_bottom_me_selected@2x.png"; sourceTree = "<group>"; };
		7A8CD9151C7D613600D462C8 /* icon_bottom_me_selected@3x.png */ = {isa = PBXFileReference; lastKnownFileType = image.png; path = "icon_bottom_me_selected@3x.png"; sourceTree = "<group>"; };
		7A9FAA5D1C8FB1D6007CF78D /* FSCalendar.framework */ = {isa = PBXFileReference; lastKnownFileType = wrapper.framework; name = FSCalendar.framework; path = "../../Library/Developer/Xcode/DerivedData/Kaligrid-beta-atzpmeywtkpiapgegppdsjxbkgrj/Build/Products/Debug-iphonesimulator/FSCalendar.framework"; sourceTree = "<group>"; };
		7A9FAA671C8FD0BC007CF78D /* AccountSettingsViewController.swift */ = {isa = PBXFileReference; fileEncoding = 4; lastKnownFileType = sourcecode.swift; path = AccountSettingsViewController.swift; sourceTree = "<group>"; };
		7ACB9E181C7A758C0003A65C /* Kaligrid-beta.app */ = {isa = PBXFileReference; explicitFileType = wrapper.application; includeInIndex = 0; path = "Kaligrid-beta.app"; sourceTree = BUILT_PRODUCTS_DIR; };
		7ACB9E1B1C7A758C0003A65C /* AppDelegate.swift */ = {isa = PBXFileReference; lastKnownFileType = sourcecode.swift; path = AppDelegate.swift; sourceTree = "<group>"; };
		7ACB9E1D1C7A758C0003A65C /* FirstViewController.swift */ = {isa = PBXFileReference; lastKnownFileType = sourcecode.swift; path = FirstViewController.swift; sourceTree = "<group>"; };
		7ACB9E1F1C7A758C0003A65C /* SecondViewController.swift */ = {isa = PBXFileReference; lastKnownFileType = sourcecode.swift; path = SecondViewController.swift; sourceTree = "<group>"; };
		7ACB9E221C7A758C0003A65C /* Base */ = {isa = PBXFileReference; lastKnownFileType = file.storyboard; name = Base; path = Base.lproj/Main.storyboard; sourceTree = "<group>"; };
		7ACB9E241C7A758C0003A65C /* Assets.xcassets */ = {isa = PBXFileReference; lastKnownFileType = folder.assetcatalog; path = Assets.xcassets; sourceTree = "<group>"; };
		7ACB9E271C7A758C0003A65C /* Base */ = {isa = PBXFileReference; lastKnownFileType = file.storyboard; name = Base; path = Base.lproj/LaunchScreen.storyboard; sourceTree = "<group>"; };
		7ACB9E291C7A758C0003A65C /* Info.plist */ = {isa = PBXFileReference; lastKnownFileType = text.plist.xml; path = Info.plist; sourceTree = "<group>"; };
		7AF00B8A1C7FF5DF00FB22E3 /* icon_bottom_friends.png */ = {isa = PBXFileReference; lastKnownFileType = image.png; path = icon_bottom_friends.png; sourceTree = "<group>"; };
		7AF00B8B1C7FF5DF00FB22E3 /* icon_bottom_friends@2x.png */ = {isa = PBXFileReference; lastKnownFileType = image.png; path = "icon_bottom_friends@2x.png"; sourceTree = "<group>"; };
		7AF00B8C1C7FF5DF00FB22E3 /* icon_bottom_friends@3x.png */ = {isa = PBXFileReference; lastKnownFileType = image.png; path = "icon_bottom_friends@3x.png"; sourceTree = "<group>"; };
		7AF00B8D1C7FF5DF00FB22E3 /* icon_bottom_grid.png */ = {isa = PBXFileReference; lastKnownFileType = image.png; path = icon_bottom_grid.png; sourceTree = "<group>"; };
		7AF00B8E1C7FF5DF00FB22E3 /* icon_bottom_grid@2x.png */ = {isa = PBXFileReference; lastKnownFileType = image.png; path = "icon_bottom_grid@2x.png"; sourceTree = "<group>"; };
		7AF00B8F1C7FF5DF00FB22E3 /* icon_bottom_grid@3x.png */ = {isa = PBXFileReference; lastKnownFileType = image.png; path = "icon_bottom_grid@3x.png"; sourceTree = "<group>"; };
		7AF00B901C7FF5DF00FB22E3 /* icon_bottom_kali.png */ = {isa = PBXFileReference; lastKnownFileType = image.png; path = icon_bottom_kali.png; sourceTree = "<group>"; };
		7AF00B911C7FF5DF00FB22E3 /* icon_bottom_kali@2x.png */ = {isa = PBXFileReference; lastKnownFileType = image.png; path = "icon_bottom_kali@2x.png"; sourceTree = "<group>"; };
		7AF00B921C7FF5DF00FB22E3 /* icon_bottom_kali@3x.png */ = {isa = PBXFileReference; lastKnownFileType = image.png; path = "icon_bottom_kali@3x.png"; sourceTree = "<group>"; };
		7AF00B931C7FF5DF00FB22E3 /* icon_bottom_list.png */ = {isa = PBXFileReference; lastKnownFileType = image.png; path = icon_bottom_list.png; sourceTree = "<group>"; };
		7AF00B941C7FF5DF00FB22E3 /* icon_bottom_list@2x.png */ = {isa = PBXFileReference; lastKnownFileType = image.png; path = "icon_bottom_list@2x.png"; sourceTree = "<group>"; };
		7AF00B951C7FF5DF00FB22E3 /* icon_bottom_list@3x.png */ = {isa = PBXFileReference; lastKnownFileType = image.png; path = "icon_bottom_list@3x.png"; sourceTree = "<group>"; };
		7AF00B961C7FF5DF00FB22E3 /* icon_bottom_me.png */ = {isa = PBXFileReference; lastKnownFileType = image.png; path = icon_bottom_me.png; sourceTree = "<group>"; };
		7AF00B971C7FF5DF00FB22E3 /* icon_bottom_me@2x.png */ = {isa = PBXFileReference; lastKnownFileType = image.png; path = "icon_bottom_me@2x.png"; sourceTree = "<group>"; };
		7AF00B981C7FF5DF00FB22E3 /* icon_bottom_me@3x.png */ = {isa = PBXFileReference; lastKnownFileType = image.png; path = "icon_bottom_me@3x.png"; sourceTree = "<group>"; };
		7AF00BA81C800D0E00FB22E3 /* TabbarViewController.swift */ = {isa = PBXFileReference; fileEncoding = 4; lastKnownFileType = sourcecode.swift; path = TabbarViewController.swift; sourceTree = "<group>"; };
		7AF9F3661C852AE600F14B38 /* AWSCore.framework */ = {isa = PBXFileReference; lastKnownFileType = wrapper.framework; path = AWSCore.framework; sourceTree = "<group>"; };
		7AF9F3671C852AE600F14B38 /* AWSMobileAnalytics.framework */ = {isa = PBXFileReference; lastKnownFileType = wrapper.framework; path = AWSMobileAnalytics.framework; sourceTree = "<group>"; };
		7AF9F3681C852AE600F14B38 /* AWSS3.framework */ = {isa = PBXFileReference; lastKnownFileType = wrapper.framework; path = AWSS3.framework; sourceTree = "<group>"; };
		7AF9F36A1C852AE600F14B38 /* Amazon Software License.txt */ = {isa = PBXFileReference; fileEncoding = 4; lastKnownFileType = text; path = "Amazon Software License.txt"; sourceTree = "<group>"; };
		7AF9F36B1C852AE600F14B38 /* AWSCognito.framework */ = {isa = PBXFileReference; lastKnownFileType = wrapper.framework; path = AWSCognito.framework; sourceTree = "<group>"; };
		7AF9F36C1C852AE600F14B38 /* NOTICE */ = {isa = PBXFileReference; fileEncoding = 4; lastKnownFileType = text; path = NOTICE; sourceTree = "<group>"; };
		7AF9F36D1C852AE600F14B38 /* CheckXcodeVersion.sh */ = {isa = PBXFileReference; fileEncoding = 4; lastKnownFileType = text.script.sh; path = CheckXcodeVersion.sh; sourceTree = "<group>"; };
		7AF9F36F1C852AE600F14B38 /* GoogleSignIn.bundle */ = {isa = PBXFileReference; lastKnownFileType = "wrapper.plug-in"; path = GoogleSignIn.bundle; sourceTree = "<group>"; };
		7AF9F3701C852AE600F14B38 /* GoogleSignIn.framework */ = {isa = PBXFileReference; lastKnownFileType = wrapper.framework; path = GoogleSignIn.framework; sourceTree = "<group>"; };
		9EC5EBDDBB4380249870EA3A /* Pods_Kaligrid_beta.framework */ = {isa = PBXFileReference; explicitFileType = wrapper.framework; includeInIndex = 0; path = Pods_Kaligrid_beta.framework; sourceTree = BUILT_PRODUCTS_DIR; };
/* End PBXFileReference section */

/* Begin PBXFrameworksBuildPhase section */
		7ACB9E151C7A758C0003A65C /* Frameworks */ = {
			isa = PBXFrameworksBuildPhase;
			buildActionMask = 2147483647;
			files = (
				7A9FAA5E1C8FB1D6007CF78D /* FSCalendar.framework in Frameworks */,
				7A52A4581C86A62300CAC30A /* AssetsLibrary.framework in Frameworks */,
				7A52A4561C86A61400CAC30A /* MediaPlayer.framework in Frameworks */,
				7A52A4541C86A60600CAC30A /* Security.framework in Frameworks */,
				7A52A4521C86A5F900CAC30A /* CoreMotion.framework in Frameworks */,
				7A52A4501C86A5EA00CAC30A /* CoreLocation.framework in Frameworks */,
				7A52A44E1C86A5D200CAC30A /* UIKit.framework in Frameworks */,
				7A52A44C1C86A5C100CAC30A /* Foundation.framework in Frameworks */,
				7A06A00C1C852F3F00318ED0 /* SystemConfiguration.framework in Frameworks */,
				7A06A00A1C852F3300318ED0 /* AddressBook.framework in Frameworks */,
				7A06A0081C852F2000318ED0 /* StoreKit.framework in Frameworks */,
				7AF9F3711C852AE600F14B38 /* AWSCore.framework in Frameworks */,
				7AF9F3721C852AE600F14B38 /* AWSMobileAnalytics.framework in Frameworks */,
				7AF9F3751C852AE600F14B38 /* AWSCognito.framework in Frameworks */,
				7AF9F3731C852AE600F14B38 /* AWSS3.framework in Frameworks */,
				7AF9F3791C852AE600F14B38 /* GoogleSignIn.framework in Frameworks */,
				2810EAB9C753D6417C050D86 /* Pods_Kaligrid_beta.framework in Frameworks */,
			);
			runOnlyForDeploymentPostprocessing = 0;
		};
/* End PBXFrameworksBuildPhase section */

/* Begin PBXGroup section */
		2063CE415E88FBC7F5E11C1C /* Pods */ = {
			isa = PBXGroup;
			children = (
				5FF018EEB159018DB9D1A7DE /* Pods-Kaligrid-beta.debug.xcconfig */,
				67E5BDC790ED173AF248359D /* Pods-Kaligrid-beta.release.xcconfig */,
			);
			name = Pods;
			sourceTree = "<group>";
		};
		60B9255C16E36510668B6A19 /* Frameworks */ = {
			isa = PBXGroup;
			children = (
				7A9FAA5D1C8FB1D6007CF78D /* FSCalendar.framework */,
				9EC5EBDDBB4380249870EA3A /* Pods_Kaligrid_beta.framework */,
			);
			name = Frameworks;
			sourceTree = "<group>";
		};
		7A072FC01C85074F009CD798 /* AmazonAws */ = {
			isa = PBXGroup;
			children = (
				7A072FC11C85074F009CD798 /* AWSConfiguration.h */,
				7A072FC21C85074F009CD798 /* AWSMobileClient.h */,
				7A072FC31C85074F009CD798 /* AWSMobileClient.m */,
				7A072FC41C85074F009CD798 /* ContentDelivery */,
				7A072FC81C85074F009CD798 /* Identity */,
				7A072FCB1C85074F009CD798 /* SignIn */,
				7A072FD11C85074F009CD798 /* UserFiles */,
				7A072FD41C85074F009CD798 /* Utils */,
			);
			path = AmazonAws;
			sourceTree = "<group>";
		};
		7A072FC41C85074F009CD798 /* ContentDelivery */ = {
			isa = PBXGroup;
			children = (
				7A072FC51C85074F009CD798 /* AWSContentManager.h */,
				7A072FC61C85074F009CD798 /* AWSContentManager.m */,
				7A072FC71C85074F009CD798 /* AWSCorePrivateHeader.h */,
			);
			path = ContentDelivery;
			sourceTree = "<group>";
		};
		7A072FC81C85074F009CD798 /* Identity */ = {
			isa = PBXGroup;
			children = (
				7A072FC91C85074F009CD798 /* AWSIdentityManager.h */,
				7A072FCA1C85074F009CD798 /* AWSIdentityManager.m */,
			);
			path = Identity;
			sourceTree = "<group>";
		};
		7A072FCB1C85074F009CD798 /* SignIn */ = {
			isa = PBXGroup;
			children = (
				7A072FCC1C85074F009CD798 /* AWSGoogleSignInProvider.h */,
				7A072FCD1C85074F009CD798 /* AWSGoogleSignInProvider.m */,
				7A072FCE1C85074F009CD798 /* AWSSignInProvider.h */,
				7A072FCF1C85074F009CD798 /* Localizable.strings */,
			);
			path = SignIn;
			sourceTree = "<group>";
		};
		7A072FD11C85074F009CD798 /* UserFiles */ = {
			isa = PBXGroup;
			children = (
				7A072FD21C85074F009CD798 /* AWSUserFileManager.h */,
				7A072FD31C85074F009CD798 /* AWSUserFileManager.m */,
			);
			path = UserFiles;
			sourceTree = "<group>";
		};
		7A072FD41C85074F009CD798 /* Utils */ = {
			isa = PBXGroup;
			children = (
				7A072FD51C85074F009CD798 /* AWSTask+CheckExceptions.h */,
				7A072FD61C85074F009CD798 /* AWSTask+CheckExceptions.m */,
			);
			path = Utils;
			sourceTree = "<group>";
		};
		7A713CDE1C83ED110074D0C6 /* LoginImages */ = {
			isa = PBXGroup;
			children = (
				7A713CDF1C83EE200074D0C6 /* login_facebook.png */,
				7A713CE01C83EE200074D0C6 /* login_google.png */,
			);
			name = LoginImages;
			sourceTree = "<group>";
		};
		7A713CE31C83F3E90074D0C6 /* Buttons */ = {
			isa = PBXGroup;
			children = (
				7A713CE41C83F3FF0074D0C6 /* button_float_add_whole.png */,
			);
			name = Buttons;
			sourceTree = "<group>";
		};
		7A8CD9061C7D60FE00D462C8 /* TabbarIcons */ = {
			isa = PBXGroup;
			children = (
				7A8CD9071C7D613600D462C8 /* icon_bottom_friends_selected.png */,
				7AF00B931C7FF5DF00FB22E3 /* icon_bottom_list.png */,
				7AF00B941C7FF5DF00FB22E3 /* icon_bottom_list@2x.png */,
				7AF00B951C7FF5DF00FB22E3 /* icon_bottom_list@3x.png */,
				7A8CD9101C7D613600D462C8 /* icon_bottom_list_selected.png */,
				7A8CD9111C7D613600D462C8 /* icon_bottom_list_selected@2x.png */,
				7A8CD9121C7D613600D462C8 /* icon_bottom_list_selected@3x.png */,
				7A8CD9081C7D613600D462C8 /* icon_bottom_friends_selected@2x.png */,
				7A8CD9091C7D613600D462C8 /* icon_bottom_friends_selected@3x.png */,
				7A8CD90A1C7D613600D462C8 /* icon_bottom_grid_selected.png */,
				7A8CD90B1C7D613600D462C8 /* icon_bottom_grid_selected@2x.png */,
				7A8CD90C1C7D613600D462C8 /* icon_bottom_grid_selected@3x.png */,
				7AF00B8A1C7FF5DF00FB22E3 /* icon_bottom_friends.png */,
				7AF00B8B1C7FF5DF00FB22E3 /* icon_bottom_friends@2x.png */,
				7AF00B8C1C7FF5DF00FB22E3 /* icon_bottom_friends@3x.png */,
				7AF00B8D1C7FF5DF00FB22E3 /* icon_bottom_grid.png */,
				7AF00B8E1C7FF5DF00FB22E3 /* icon_bottom_grid@2x.png */,
				7AF00B8F1C7FF5DF00FB22E3 /* icon_bottom_grid@3x.png */,
				7AF00B901C7FF5DF00FB22E3 /* icon_bottom_kali.png */,
				7AF00B911C7FF5DF00FB22E3 /* icon_bottom_kali@2x.png */,
				7AF00B921C7FF5DF00FB22E3 /* icon_bottom_kali@3x.png */,
				7AF00B961C7FF5DF00FB22E3 /* icon_bottom_me.png */,
				7AF00B971C7FF5DF00FB22E3 /* icon_bottom_me@2x.png */,
				7AF00B981C7FF5DF00FB22E3 /* icon_bottom_me@3x.png */,
				7A8CD90D1C7D613600D462C8 /* icon_bottom_kali_selected.png */,
				7A8CD90E1C7D613600D462C8 /* icon_bottom_kali_selected@2x.png */,
				7A8CD90F1C7D613600D462C8 /* icon_bottom_kali_selected@3x.png */,
				7A8CD9131C7D613600D462C8 /* icon_bottom_me_selected.png */,
				7A8CD9141C7D613600D462C8 /* icon_bottom_me_selected@2x.png */,
				7A8CD9151C7D613600D462C8 /* icon_bottom_me_selected@3x.png */,
			);
			name = TabbarIcons;
			sourceTree = "<group>";
		};
		7A9FAA5B1C8FADA3007CF78D /* kaliStoryboards */ = {
			isa = PBXGroup;
			children = (
				7ACB9E261C7A758C0003A65C /* LaunchScreen.storyboard */,
				7ACB9E211C7A758C0003A65C /* Main.storyboard */,
			);
			name = kaliStoryboards;
			sourceTree = "<group>";
		};
		7A9FAA5C1C8FADDB007CF78D /* kaliViewControllers */ = {
			isa = PBXGroup;
			children = (
				7A8CD8F41C7D4E4300D462C8 /* LogInViewController.swift */,
				7AF00BA81C800D0E00FB22E3 /* TabbarViewController.swift */,
				7A7F72471C89356000B7DC29 /* NewEventViewController.swift */,
				7A7F72491C89385C00B7DC29 /* DateTableViewController.swift */,
				7ACB9E1D1C7A758C0003A65C /* FirstViewController.swift */,
				7A9FAA671C8FD0BC007CF78D /* AccountSettingsViewController.swift */,
				7ACB9E1F1C7A758C0003A65C /* SecondViewController.swift */,
				7A8CD8F61C7D53B100D462C8 /* ThirdViewController.swift */,
				7A8CD8F81C7D53C400D462C8 /* FourthViewController.swift */,
				7A8CD8FA1C7D53D500D462C8 /* FifthViewController.swift */,
			);
			name = kaliViewControllers;
			sourceTree = "<group>";
		};
		7ACB9E0F1C7A758C0003A65C = {
			isa = PBXGroup;
			children = (
				7ACB9E1A1C7A758C0003A65C /* Kaligrid-beta */,
				7ACB9E191C7A758C0003A65C /* Products */,
				2063CE415E88FBC7F5E11C1C /* Pods */,
				60B9255C16E36510668B6A19 /* Frameworks */,
			);
			sourceTree = "<group>";
		};
		7ACB9E191C7A758C0003A65C /* Products */ = {
			isa = PBXGroup;
			children = (
				7ACB9E181C7A758C0003A65C /* Kaligrid-beta.app */,
			);
			name = Products;
			sourceTree = "<group>";
		};
		7ACB9E1A1C7A758C0003A65C /* Kaligrid-beta */ = {
			isa = PBXGroup;
			children = (
				7ACB9E1B1C7A758C0003A65C /* AppDelegate.swift */,
				7ACB9E241C7A758C0003A65C /* Assets.xcassets */,
				7ACB9E291C7A758C0003A65C /* Info.plist */,
				7A06A00D1C8533A400318ED0 /* Kaligrid-beta-Bridging-Header.h */,
				7A9FAA5C1C8FADDB007CF78D /* kaliViewControllers */,
				7A9FAA5B1C8FADA3007CF78D /* kaliStoryboards */,
				7A072FC01C85074F009CD798 /* AmazonAws */,
				7AF9F3641C852AE600F14B38 /* Sdk */,
				7A713CE31C83F3E90074D0C6 /* Buttons */,
				7A713CDE1C83ED110074D0C6 /* LoginImages */,
				7A8CD9061C7D60FE00D462C8 /* TabbarIcons */,
			);
			path = "Kaligrid-beta";
			sourceTree = "<group>";
		};
		7AF9F3641C852AE600F14B38 /* Sdk */ = {
			isa = PBXGroup;
			children = (
				7A52A44B1C86A5C100CAC30A /* Foundation.framework */,
				7A52A44D1C86A5D200CAC30A /* UIKit.framework */,
				7A52A44F1C86A5EA00CAC30A /* CoreLocation.framework */,
				7A52A4511C86A5F900CAC30A /* CoreMotion.framework */,
				7A52A4531C86A60600CAC30A /* Security.framework */,
				7A52A4551C86A61400CAC30A /* MediaPlayer.framework */,
				7A52A4571C86A62300CAC30A /* AssetsLibrary.framework */,
				7A06A00B1C852F3F00318ED0 /* SystemConfiguration.framework */,
				7A06A0091C852F3300318ED0 /* AddressBook.framework */,
				7A06A0071C852F2000318ED0 /* StoreKit.framework */,
				7AF9F3651C852AE600F14B38 /* Aws */,
				7AF9F36D1C852AE600F14B38 /* CheckXcodeVersion.sh */,
				7AF9F36E1C852AE600F14B38 /* Google */,
			);
			path = Sdk;
			sourceTree = "<group>";
		};
		7AF9F3651C852AE600F14B38 /* Aws */ = {
			isa = PBXGroup;
			children = (
				7AF9F3661C852AE600F14B38 /* AWSCore.framework */,
				7AF9F3671C852AE600F14B38 /* AWSMobileAnalytics.framework */,
				7AF9F3681C852AE600F14B38 /* AWSS3.framework */,
				7AF9F3691C852AE600F14B38 /* extras */,
			);
			path = Aws;
			sourceTree = "<group>";
		};
		7AF9F3691C852AE600F14B38 /* extras */ = {
			isa = PBXGroup;
			children = (
				7AF9F36A1C852AE600F14B38 /* Amazon Software License.txt */,
				7AF9F36B1C852AE600F14B38 /* AWSCognito.framework */,
				7AF9F36C1C852AE600F14B38 /* NOTICE */,
			);
			path = extras;
			sourceTree = "<group>";
		};
		7AF9F36E1C852AE600F14B38 /* Google */ = {
			isa = PBXGroup;
			children = (
				7AF9F36F1C852AE600F14B38 /* GoogleSignIn.bundle */,
				7AF9F3701C852AE600F14B38 /* GoogleSignIn.framework */,
			);
			path = Google;
			sourceTree = "<group>";
		};
/* End PBXGroup section */

/* Begin PBXNativeTarget section */
		7ACB9E171C7A758C0003A65C /* Kaligrid-beta */ = {
			isa = PBXNativeTarget;
			buildConfigurationList = 7ACB9E2C1C7A758C0003A65C /* Build configuration list for PBXNativeTarget "Kaligrid-beta" */;
			buildPhases = (
				E5C85DBF97C353D14E2E0307 /* Check Pods Manifest.lock */,
				7ACB9E141C7A758C0003A65C /* Sources */,
				7ACB9E151C7A758C0003A65C /* Frameworks */,
				7ACB9E161C7A758C0003A65C /* Resources */,
				D5C300155D2C4354DB742D05 /* Embed Pods Frameworks */,
				E33F7FF7EA50E56E7E649209 /* Copy Pods Resources */,
			);
			buildRules = (
			);
			dependencies = (
			);
			name = "Kaligrid-beta";
			productName = "Kaligrid-beta";
			productReference = 7ACB9E181C7A758C0003A65C /* Kaligrid-beta.app */;
			productType = "com.apple.product-type.application";
		};
/* End PBXNativeTarget section */

/* Begin PBXProject section */
		7ACB9E101C7A758C0003A65C /* Project object */ = {
			isa = PBXProject;
			attributes = {
				LastSwiftUpdateCheck = 0730;
				LastUpgradeCheck = 0730;
				ORGANIZATIONNAME = Kaligrid;
				TargetAttributes = {
					7ACB9E171C7A758C0003A65C = {
						CreatedOnToolsVersion = 7.3;
					};
				};
			};
			buildConfigurationList = 7ACB9E131C7A758C0003A65C /* Build configuration list for PBXProject "Kaligrid-beta" */;
			compatibilityVersion = "Xcode 3.2";
			developmentRegion = English;
			hasScannedForEncodings = 0;
			knownRegions = (
				en,
				Base,
			);
			mainGroup = 7ACB9E0F1C7A758C0003A65C;
			productRefGroup = 7ACB9E191C7A758C0003A65C /* Products */;
			projectDirPath = "";
			projectRoot = "";
			targets = (
				7ACB9E171C7A758C0003A65C /* Kaligrid-beta */,
			);
		};
/* End PBXProject section */

/* Begin PBXResourcesBuildPhase section */
		7ACB9E161C7A758C0003A65C /* Resources */ = {
			isa = PBXResourcesBuildPhase;
			buildActionMask = 2147483647;
			files = (
				7AF00BA61C7FF5DF00FB22E3 /* icon_bottom_me@2x.png in Resources */,
				7AF00BA51C7FF5DF00FB22E3 /* icon_bottom_me.png in Resources */,
				7A8CD91B1C7D613600D462C8 /* icon_bottom_grid_selected@3x.png in Resources */,
				7A8CD91D1C7D613600D462C8 /* icon_bottom_kali_selected@2x.png in Resources */,
				7A8CD9241C7D613600D462C8 /* icon_bottom_me_selected@3x.png in Resources */,
				7A8CD91E1C7D613600D462C8 /* icon_bottom_kali_selected@3x.png in Resources */,
				7A713CE21C83EE200074D0C6 /* login_google.png in Resources */,
				7AF00B991C7FF5DF00FB22E3 /* icon_bottom_friends.png in Resources */,
				7AF00BA71C7FF5DF00FB22E3 /* icon_bottom_me@3x.png in Resources */,
				7AF00BA31C7FF5DF00FB22E3 /* icon_bottom_list@2x.png in Resources */,
				7A8CD9231C7D613600D462C8 /* icon_bottom_me_selected@2x.png in Resources */,
				7AF00B9F1C7FF5DF00FB22E3 /* icon_bottom_kali.png in Resources */,
				7AF00B9A1C7FF5DF00FB22E3 /* icon_bottom_friends@2x.png in Resources */,
				7AF9F3741C852AE600F14B38 /* Amazon Software License.txt in Resources */,
				7A8CD9211C7D613600D462C8 /* icon_bottom_list_selected@3x.png in Resources */,
				7A8CD9221C7D613600D462C8 /* icon_bottom_me_selected.png in Resources */,
				7AF00BA11C7FF5DF00FB22E3 /* icon_bottom_kali@3x.png in Resources */,
				7AF00B9C1C7FF5DF00FB22E3 /* icon_bottom_grid.png in Resources */,
				7A8CD91C1C7D613600D462C8 /* icon_bottom_kali_selected.png in Resources */,
				7A713CE11C83EE200074D0C6 /* login_facebook.png in Resources */,
				7A8CD9181C7D613600D462C8 /* icon_bottom_friends_selected@3x.png in Resources */,
				7AF9F3781C852AE600F14B38 /* GoogleSignIn.bundle in Resources */,
				7AF00BA01C7FF5DF00FB22E3 /* icon_bottom_kali@2x.png in Resources */,
				7A8CD9161C7D613600D462C8 /* icon_bottom_friends_selected.png in Resources */,
				7A8CD91F1C7D613600D462C8 /* icon_bottom_list_selected.png in Resources */,
				7ACB9E281C7A758C0003A65C /* LaunchScreen.storyboard in Resources */,
				7A072FDB1C85074F009CD798 /* Localizable.strings in Resources */,
				7AF9F3761C852AE600F14B38 /* NOTICE in Resources */,
				7A713CE51C83F3FF0074D0C6 /* button_float_add_whole.png in Resources */,
				7AF9F3771C852AE600F14B38 /* CheckXcodeVersion.sh in Resources */,
				7ACB9E251C7A758C0003A65C /* Assets.xcassets in Resources */,
				7A8CD9171C7D613600D462C8 /* icon_bottom_friends_selected@2x.png in Resources */,
				7AF00BA41C7FF5DF00FB22E3 /* icon_bottom_list@3x.png in Resources */,
				7A8CD9201C7D613600D462C8 /* icon_bottom_list_selected@2x.png in Resources */,
				7AF00B9D1C7FF5DF00FB22E3 /* icon_bottom_grid@2x.png in Resources */,
				7AF00B9B1C7FF5DF00FB22E3 /* icon_bottom_friends@3x.png in Resources */,
				7AF00BA21C7FF5DF00FB22E3 /* icon_bottom_list.png in Resources */,
				7A8CD9191C7D613600D462C8 /* icon_bottom_grid_selected.png in Resources */,
				7A8CD91A1C7D613600D462C8 /* icon_bottom_grid_selected@2x.png in Resources */,
				7ACB9E231C7A758C0003A65C /* Main.storyboard in Resources */,
				7AF00B9E1C7FF5DF00FB22E3 /* icon_bottom_grid@3x.png in Resources */,
			);
			runOnlyForDeploymentPostprocessing = 0;
		};
/* End PBXResourcesBuildPhase section */

/* Begin PBXShellScriptBuildPhase section */
		D5C300155D2C4354DB742D05 /* Embed Pods Frameworks */ = {
			isa = PBXShellScriptBuildPhase;
			buildActionMask = 2147483647;
			files = (
			);
			inputPaths = (
			);
			name = "Embed Pods Frameworks";
			outputPaths = (
			);
			runOnlyForDeploymentPostprocessing = 0;
			shellPath = /bin/sh;
			shellScript = "\"${SRCROOT}/Pods/Target Support Files/Pods-Kaligrid-beta/Pods-Kaligrid-beta-frameworks.sh\"\n";
			showEnvVarsInLog = 0;
		};
		E33F7FF7EA50E56E7E649209 /* Copy Pods Resources */ = {
			isa = PBXShellScriptBuildPhase;
			buildActionMask = 2147483647;
			files = (
			);
			inputPaths = (
			);
			name = "Copy Pods Resources";
			outputPaths = (
			);
			runOnlyForDeploymentPostprocessing = 0;
			shellPath = /bin/sh;
			shellScript = "\"${SRCROOT}/Pods/Target Support Files/Pods-Kaligrid-beta/Pods-Kaligrid-beta-resources.sh\"\n";
			showEnvVarsInLog = 0;
		};
		E5C85DBF97C353D14E2E0307 /* Check Pods Manifest.lock */ = {
			isa = PBXShellScriptBuildPhase;
			buildActionMask = 2147483647;
			files = (
			);
			inputPaths = (
			);
			name = "Check Pods Manifest.lock";
			outputPaths = (
			);
			runOnlyForDeploymentPostprocessing = 0;
			shellPath = /bin/sh;
			shellScript = "diff \"${PODS_ROOT}/../Podfile.lock\" \"${PODS_ROOT}/Manifest.lock\" > /dev/null\nif [[ $? != 0 ]] ; then\n    cat << EOM\nerror: The sandbox is not in sync with the Podfile.lock. Run 'pod install' or update your CocoaPods installation.\nEOM\n    exit 1\nfi\n";
			showEnvVarsInLog = 0;
		};
/* End PBXShellScriptBuildPhase section */

/* Begin PBXSourcesBuildPhase section */
		7ACB9E141C7A758C0003A65C /* Sources */ = {
			isa = PBXSourcesBuildPhase;
			buildActionMask = 2147483647;
			files = (
				7A072FDC1C85074F009CD798 /* AWSUserFileManager.m in Sources */,
				7AF00BA91C800D0E00FB22E3 /* TabbarViewController.swift in Sources */,
				7A072FD81C85074F009CD798 /* AWSContentManager.m in Sources */,
				7A8CD8F91C7D53C400D462C8 /* FourthViewController.swift in Sources */,
				7A8CD8F51C7D4E4300D462C8 /* LogInViewController.swift in Sources */,
				7ACB9E201C7A758C0003A65C /* SecondViewController.swift in Sources */,
				7A8CD8F71C7D53B100D462C8 /* ThirdViewController.swift in Sources */,
				7A7F72481C89356000B7DC29 /* NewEventViewController.swift in Sources */,
				7ACB9E1C1C7A758C0003A65C /* AppDelegate.swift in Sources */,
				7A072FDA1C85074F009CD798 /* AWSGoogleSignInProvider.m in Sources */,
				7A072FD91C85074F009CD798 /* AWSIdentityManager.m in Sources */,
				7A072FD71C85074F009CD798 /* AWSMobileClient.m in Sources */,
				7A9FAA681C8FD0BC007CF78D /* AccountSettingsViewController.swift in Sources */,
				7A072FDD1C85074F009CD798 /* AWSTask+CheckExceptions.m in Sources */,
				7A7F724A1C89385C00B7DC29 /* DateTableViewController.swift in Sources */,
				7ACB9E1E1C7A758C0003A65C /* FirstViewController.swift in Sources */,
				7A8CD8FB1C7D53D500D462C8 /* FifthViewController.swift in Sources */,
			);
			runOnlyForDeploymentPostprocessing = 0;
		};
/* End PBXSourcesBuildPhase section */

/* Begin PBXVariantGroup section */
		7A072FCF1C85074F009CD798 /* Localizable.strings */ = {
			isa = PBXVariantGroup;
			children = (
				7A072FD01C85074F009CD798 /* en */,
			);
			name = Localizable.strings;
			sourceTree = "<group>";
		};
		7ACB9E211C7A758C0003A65C /* Main.storyboard */ = {
			isa = PBXVariantGroup;
			children = (
				7ACB9E221C7A758C0003A65C /* Base */,
			);
			name = Main.storyboard;
			sourceTree = "<group>";
		};
		7ACB9E261C7A758C0003A65C /* LaunchScreen.storyboard */ = {
			isa = PBXVariantGroup;
			children = (
				7ACB9E271C7A758C0003A65C /* Base */,
			);
			name = LaunchScreen.storyboard;
			sourceTree = "<group>";
		};
/* End PBXVariantGroup section */

/* Begin XCBuildConfiguration section */
		7ACB9E2A1C7A758C0003A65C /* Debug */ = {
			isa = XCBuildConfiguration;
			buildSettings = {
				ALWAYS_SEARCH_USER_PATHS = NO;
				CLANG_ANALYZER_NONNULL = YES;
				CLANG_CXX_LANGUAGE_STANDARD = "gnu++0x";
				CLANG_CXX_LIBRARY = "libc++";
				CLANG_ENABLE_MODULES = YES;
				CLANG_ENABLE_OBJC_ARC = YES;
				CLANG_WARN_BOOL_CONVERSION = YES;
				CLANG_WARN_CONSTANT_CONVERSION = YES;
				CLANG_WARN_DIRECT_OBJC_ISA_USAGE = YES_ERROR;
				CLANG_WARN_EMPTY_BODY = YES;
				CLANG_WARN_ENUM_CONVERSION = YES;
				CLANG_WARN_INT_CONVERSION = YES;
				CLANG_WARN_OBJC_ROOT_CLASS = YES_ERROR;
				CLANG_WARN_UNREACHABLE_CODE = YES;
				CLANG_WARN__DUPLICATE_METHOD_MATCH = YES;
				"CODE_SIGN_IDENTITY[sdk=iphoneos*]" = "iPhone Developer";
				COPY_PHASE_STRIP = NO;
				DEBUG_INFORMATION_FORMAT = dwarf;
				ENABLE_STRICT_OBJC_MSGSEND = YES;
				ENABLE_TESTABILITY = YES;
				GCC_C_LANGUAGE_STANDARD = gnu99;
				GCC_DYNAMIC_NO_PIC = NO;
				GCC_NO_COMMON_BLOCKS = YES;
				GCC_OPTIMIZATION_LEVEL = 0;
				GCC_PREPROCESSOR_DEFINITIONS = (
					"DEBUG=1",
					"$(inherited)",
				);
				GCC_WARN_64_TO_32_BIT_CONVERSION = YES;
				GCC_WARN_ABOUT_RETURN_TYPE = YES_ERROR;
				GCC_WARN_UNDECLARED_SELECTOR = YES;
				GCC_WARN_UNINITIALIZED_AUTOS = YES_AGGRESSIVE;
				GCC_WARN_UNUSED_FUNCTION = YES;
				GCC_WARN_UNUSED_VARIABLE = YES;
				IPHONEOS_DEPLOYMENT_TARGET = 9.3;
				MTL_ENABLE_DEBUG_INFO = YES;
				ONLY_ACTIVE_ARCH = YES;
				SDKROOT = iphoneos;
				SWIFT_OPTIMIZATION_LEVEL = "-Onone";
			};
			name = Debug;
		};
		7ACB9E2B1C7A758C0003A65C /* Release */ = {
			isa = XCBuildConfiguration;
			buildSettings = {
				ALWAYS_SEARCH_USER_PATHS = NO;
				CLANG_ANALYZER_NONNULL = YES;
				CLANG_CXX_LANGUAGE_STANDARD = "gnu++0x";
				CLANG_CXX_LIBRARY = "libc++";
				CLANG_ENABLE_MODULES = YES;
				CLANG_ENABLE_OBJC_ARC = YES;
				CLANG_WARN_BOOL_CONVERSION = YES;
				CLANG_WARN_CONSTANT_CONVERSION = YES;
				CLANG_WARN_DIRECT_OBJC_ISA_USAGE = YES_ERROR;
				CLANG_WARN_EMPTY_BODY = YES;
				CLANG_WARN_ENUM_CONVERSION = YES;
				CLANG_WARN_INT_CONVERSION = YES;
				CLANG_WARN_OBJC_ROOT_CLASS = YES_ERROR;
				CLANG_WARN_UNREACHABLE_CODE = YES;
				CLANG_WARN__DUPLICATE_METHOD_MATCH = YES;
				"CODE_SIGN_IDENTITY[sdk=iphoneos*]" = "iPhone Developer";
				COPY_PHASE_STRIP = NO;
				DEBUG_INFORMATION_FORMAT = "dwarf-with-dsym";
				ENABLE_NS_ASSERTIONS = NO;
				ENABLE_STRICT_OBJC_MSGSEND = YES;
				GCC_C_LANGUAGE_STANDARD = gnu99;
				GCC_NO_COMMON_BLOCKS = YES;
				GCC_WARN_64_TO_32_BIT_CONVERSION = YES;
				GCC_WARN_ABOUT_RETURN_TYPE = YES_ERROR;
				GCC_WARN_UNDECLARED_SELECTOR = YES;
				GCC_WARN_UNINITIALIZED_AUTOS = YES_AGGRESSIVE;
				GCC_WARN_UNUSED_FUNCTION = YES;
				GCC_WARN_UNUSED_VARIABLE = YES;
				IPHONEOS_DEPLOYMENT_TARGET = 9.3;
				MTL_ENABLE_DEBUG_INFO = NO;
				SDKROOT = iphoneos;
				VALIDATE_PRODUCT = YES;
			};
			name = Release;
		};
		7ACB9E2D1C7A758C0003A65C /* Debug */ = {
			isa = XCBuildConfiguration;
			baseConfigurationReference = 5FF018EEB159018DB9D1A7DE /* Pods-Kaligrid-beta.debug.xcconfig */;
			buildSettings = {
				ASSETCATALOG_COMPILER_APPICON_NAME = AppIcon;
				FRAMEWORK_SEARCH_PATHS = (
					"$(inherited)",
					"$(PROJECT_DIR)/Kaligrid-beta/Sdk/Aws",
					"$(PROJECT_DIR)/Kaligrid-beta/Sdk/Aws/extras",
					"$(PROJECT_DIR)/Kaligrid-beta/Sdk/Google",
					"$(PROJECT_DIR)/Kaligrid-beta/Framework/Aws",
					"$(PROJECT_DIR)/Kaligrid-beta/Framework/Aws/extras",
					"$(PROJECT_DIR)/Kaligrid-beta/Framework/Google",
				);
				INFOPLIST_FILE = "Kaligrid-beta/Info.plist";
				LD_RUNPATH_SEARCH_PATHS = "$(inherited) @executable_path/Frameworks";
				OTHER_LDFLAGS = "-ObjC";
				PRODUCT_BUNDLE_IDENTIFIER = "com.appfish.Kaligrid-beta";
				PRODUCT_NAME = "$(TARGET_NAME)";
				SWIFT_OBJC_BRIDGING_HEADER = "/Users/kaligrid/Documents/Kaligrid-beta/Kaligrid-beta/AmazonAws/Kaligrid-beta-Bridging-Header.h";
			};
			name = Debug;
		};
		7ACB9E2E1C7A758C0003A65C /* Release */ = {
			isa = XCBuildConfiguration;
			baseConfigurationReference = 67E5BDC790ED173AF248359D /* Pods-Kaligrid-beta.release.xcconfig */;
			buildSettings = {
				ASSETCATALOG_COMPILER_APPICON_NAME = AppIcon;
				FRAMEWORK_SEARCH_PATHS = (
					"$(inherited)",
					"$(PROJECT_DIR)/Kaligrid-beta/Sdk/Aws",
					"$(PROJECT_DIR)/Kaligrid-beta/Sdk/Aws/extras",
					"$(PROJECT_DIR)/Kaligrid-beta/Sdk/Google",
					"$(PROJECT_DIR)/Kaligrid-beta/Framework/Aws",
					"$(PROJECT_DIR)/Kaligrid-beta/Framework/Aws/extras",
					"$(PROJECT_DIR)/Kaligrid-beta/Framework/Google",
				);
				INFOPLIST_FILE = "Kaligrid-beta/Info.plist";
				LD_RUNPATH_SEARCH_PATHS = "$(inherited) @executable_path/Frameworks";
				OTHER_LDFLAGS = "-ObjC";
				PRODUCT_BUNDLE_IDENTIFIER = "com.appfish.Kaligrid-beta";
				PRODUCT_NAME = "$(TARGET_NAME)";
				SWIFT_OBJC_BRIDGING_HEADER = "/Users/kaligrid/Documents/Kaligrid-beta/Kaligrid-beta/AmazonAws/Kaligrid-beta-Bridging-Header.h";
			};
			name = Release;
		};
/* End XCBuildConfiguration section */

/* Begin XCConfigurationList section */
		7ACB9E131C7A758C0003A65C /* Build configuration list for PBXProject "Kaligrid-beta" */ = {
			isa = XCConfigurationList;
			buildConfigurations = (
				7ACB9E2A1C7A758C0003A65C /* Debug */,
				7ACB9E2B1C7A758C0003A65C /* Release */,
			);
			defaultConfigurationIsVisible = 0;
			defaultConfigurationName = Release;
		};
		7ACB9E2C1C7A758C0003A65C /* Build configuration list for PBXNativeTarget "Kaligrid-beta" */ = {
			isa = XCConfigurationList;
			buildConfigurations = (
				7ACB9E2D1C7A758C0003A65C /* Debug */,
				7ACB9E2E1C7A758C0003A65C /* Release */,
			);
			defaultConfigurationIsVisible = 0;
			defaultConfigurationName = Release;
		};
/* End XCConfigurationList section */
	};
	rootObject = 7ACB9E101C7A758C0003A65C /* Project object */;
}
